<?xml version="1.0" encoding="utf-8"?>
<Project ToolsVersion="4.0" xmlns="http://schemas.microsoft.com/developer/msbuild/2003">
  <ItemGroup>
    <ClCompile Include="src\ofApp.cpp">
      <Filter>src</Filter>
    </ClCompile>
    <ClCompile Include="src\main.cpp">
      <Filter>src</Filter>
    </ClCompile>
    <ClCompile Include="..\..\..\..\addons\ofxOsc\src\ofxOscBundle.cpp">
      <Filter>addons\ofxOsc\src</Filter>
    </ClCompile>
    <ClCompile Include="..\..\..\..\addons\ofxOsc\src\ofxOscMessage.cpp">
      <Filter>addons\ofxOsc\src</Filter>
    </ClCompile>
    <ClCompile Include="..\..\..\..\addons\ofxOsc\src\ofxOscParameterSync.cpp">
      <Filter>addons\ofxOsc\src</Filter>
    </ClCompile>
    <ClCompile Include="..\..\..\..\addons\ofxOsc\src\ofxOscReceiver.cpp">
      <Filter>addons\ofxOsc\src</Filter>
    </ClCompile>
    <ClCompile Include="..\..\..\..\addons\ofxOsc\src\ofxOscSender.cpp">
      <Filter>addons\ofxOsc\src</Filter>
    </ClCompile>
    <ClCompile Include="..\..\..\..\addons\ofxOsc\libs\oscpack\src\ip\IpEndpointName.cpp">
      <Filter>addons\ofxOsc\libs\oscpack\src\ip</Filter>
    </ClCompile>
    <ClCompile Include="..\..\..\..\addons\ofxOsc\libs\oscpack\src\ip\win32\NetworkingUtils.cpp">
      <Filter>addons\ofxOsc\libs\oscpack\src\ip\win32</Filter>
    </ClCompile>
    <ClCompile Include="..\..\..\..\addons\ofxOsc\libs\oscpack\src\ip\win32\UdpSocket.cpp">
      <Filter>addons\ofxOsc\libs\oscpack\src\ip\win32</Filter>
    </ClCompile>
    <ClCompile Include="..\..\..\..\addons\ofxOsc\libs\oscpack\src\osc\OscOutboundPacketStream.cpp">
      <Filter>addons\ofxOsc\libs\oscpack\src\osc</Filter>
    </ClCompile>
    <ClCompile Include="..\..\..\..\addons\ofxOsc\libs\oscpack\src\osc\OscPrintReceivedElements.cpp">
      <Filter>addons\ofxOsc\libs\oscpack\src\osc</Filter>
    </ClCompile>
    <ClCompile Include="..\..\..\..\addons\ofxOsc\libs\oscpack\src\osc\OscReceivedElements.cpp">
      <Filter>addons\ofxOsc\libs\oscpack\src\osc</Filter>
    </ClCompile>
    <ClCompile Include="..\..\..\..\addons\ofxOsc\libs\oscpack\src\osc\OscTypes.cpp">
      <Filter>addons\ofxOsc\libs\oscpack\src\osc</Filter>
    </ClCompile>
    <ClCompile Include="..\..\..\..\addons\ofxImGui\src\BaseEngine.cpp">
      <Filter>addons\ofxImGui\src</Filter>
    </ClCompile>
    <ClCompile Include="..\..\..\..\addons\ofxImGui\src\DefaultTheme.cpp">
      <Filter>addons\ofxImGui\src</Filter>
    </ClCompile>
    <ClCompile Include="..\..\..\..\addons\ofxImGui\src\EngineGLFW.cpp">
      <Filter>addons\ofxImGui\src</Filter>
    </ClCompile>
    <ClCompile Include="..\..\..\..\addons\ofxImGui\src\EngineOpenGLES.cpp">
      <Filter>addons\ofxImGui\src</Filter>
    </ClCompile>
    <ClCompile Include="..\..\..\..\addons\ofxImGui\src\EngineVk.cpp">
      <Filter>addons\ofxImGui\src</Filter>
    </ClCompile>
    <ClCompile Include="..\..\..\..\addons\ofxImGui\src\Gui.cpp">
      <Filter>addons\ofxImGui\src</Filter>
    </ClCompile>
    <ClCompile Include="..\..\..\..\addons\ofxImGui\src\Helpers.cpp">
      <Filter>addons\ofxImGui\src</Filter>
    </ClCompile>
    <ClCompile Include="..\..\..\..\addons\ofxImGui\src\ofxImGuiLoggerChannel.cpp">
      <Filter>addons\ofxImGui\src</Filter>
    </ClCompile>
    <ClCompile Include="..\..\..\..\addons\ofxImGui\libs\imgui\src\imgui.cpp">
      <Filter>addons\ofxImGui\libs\imgui\src</Filter>
    </ClCompile>
    <ClCompile Include="..\..\..\..\addons\ofxImGui\libs\imgui\src\imgui_demo.cpp">
      <Filter>addons\ofxImGui\libs\imgui\src</Filter>
    </ClCompile>
    <ClCompile Include="..\..\..\..\addons\ofxImGui\libs\imgui\src\imgui_draw.cpp">
      <Filter>addons\ofxImGui\libs\imgui\src</Filter>
    </ClCompile>
    <ClCompile Include="..\..\..\..\addons\ofxImGui\libs\imgui\src\imgui_widgets.cpp">
      <Filter>addons\ofxImGui\libs\imgui\src</Filter>
    </ClCompile>
    <ClCompile Include="..\..\..\..\addons\ofxMidi\src\ofxBaseMidi.cpp">
      <Filter>addons\ofxMidi\src</Filter>
    </ClCompile>
    <ClCompile Include="..\..\..\..\addons\ofxMidi\src\ofxMidi.cpp">
      <Filter>addons\ofxMidi\src</Filter>
    </ClCompile>
    <ClCompile Include="..\..\..\..\addons\ofxMidi\src\ofxMidiClock.cpp">
      <Filter>addons\ofxMidi\src</Filter>
    </ClCompile>
    <ClCompile Include="..\..\..\..\addons\ofxMidi\src\ofxMidiIn.cpp">
      <Filter>addons\ofxMidi\src</Filter>
    </ClCompile>
    <ClCompile Include="..\..\..\..\addons\ofxMidi\src\ofxMidiMessage.cpp">
      <Filter>addons\ofxMidi\src</Filter>
    </ClCompile>
    <ClCompile Include="..\..\..\..\addons\ofxMidi\src\ofxMidiOut.cpp">
      <Filter>addons\ofxMidi\src</Filter>
    </ClCompile>
    <ClCompile Include="..\..\..\..\addons\ofxMidi\src\ofxMidiTimecode.cpp">
      <Filter>addons\ofxMidi\src</Filter>
    </ClCompile>
    <ClCompile Include="..\..\..\..\addons\ofxMidi\src\desktop\ofxRtMidiIn.cpp">
      <Filter>addons\ofxMidi\src\desktop</Filter>
    </ClCompile>
    <ClCompile Include="..\..\..\..\addons\ofxMidi\src\desktop\ofxRtMidiOut.cpp">
      <Filter>addons\ofxMidi\src\desktop</Filter>
    </ClCompile>
    <ClCompile Include="..\..\..\..\addons\ofxMidi\libs\rtmidi\RtMidi.cpp">
      <Filter>addons\ofxMidi\libs\rtmidi</Filter>
    </ClCompile>
    <ClCompile Include="..\..\..\..\addons\ofxPDSP\src\DSP\control\SequencerBridge.cpp">
      <Filter>addons\ofxPDSP\src\DSP\control</Filter>
    </ClCompile>
    <ClCompile Include="..\..\..\..\addons\ofxPDSP\src\DSP\control\SequencerGateOutput.cpp">
      <Filter>addons\ofxPDSP\src\DSP\control</Filter>
    </ClCompile>
    <ClCompile Include="..\..\..\..\addons\ofxPDSP\src\DSP\control\SequencerValueOutput.cpp">
      <Filter>addons\ofxPDSP\src\DSP\control</Filter>
    </ClCompile>
    <ClCompile Include="..\..\..\..\addons\ofxPDSP\src\DSP\control\ToGateTrigger.cpp">
      <Filter>addons\ofxPDSP\src\DSP\control</Filter>
    </ClCompile>
    <ClCompile Include="..\..\..\..\addons\ofxPDSP\src\DSP\control\TriggerControl.cpp">
      <Filter>addons\ofxPDSP\src\DSP\control</Filter>
    </ClCompile>
    <ClCompile Include="..\..\..\..\addons\ofxPDSP\src\DSP\control\TriggerGeiger.cpp">
      <Filter>addons\ofxPDSP\src\DSP\control</Filter>
    </ClCompile>
    <ClCompile Include="..\..\..\..\addons\ofxPDSP\src\DSP\control\ValueControl.cpp">
      <Filter>addons\ofxPDSP\src\DSP\control</Filter>
    </ClCompile>
    <ClCompile Include="..\..\..\..\addons\ofxPDSP\src\DSP\convolution\FDLConvolver.cpp">
      <Filter>addons\ofxPDSP\src\DSP\convolution</Filter>
    </ClCompile>
    <ClCompile Include="..\..\..\..\addons\ofxPDSP\src\DSP\core\Amp.cpp">
      <Filter>addons\ofxPDSP\src\DSP\core</Filter>
    </ClCompile>
    <ClCompile Include="..\..\..\..\addons\ofxPDSP\src\DSP\core\BasicNodes.cpp">
      <Filter>addons\ofxPDSP\src\DSP\core</Filter>
    </ClCompile>
    <ClCompile Include="..\..\..\..\addons\ofxPDSP\src\DSP\core\BufferShell.cpp">
      <Filter>addons\ofxPDSP\src\DSP\core</Filter>
    </ClCompile>
    <ClCompile Include="..\..\..\..\addons\ofxPDSP\src\DSP\core\ExternalInput.cpp">
      <Filter>addons\ofxPDSP\src\DSP\core</Filter>
    </ClCompile>
    <ClCompile Include="..\..\..\..\addons\ofxPDSP\src\DSP\core\Formula.cpp">
      <Filter>addons\ofxPDSP\src\DSP\core</Filter>
    </ClCompile>
    <ClCompile Include="..\..\..\..\addons\ofxPDSP\src\DSP\core\leftSum.cpp">
      <Filter>addons\ofxPDSP\src\DSP\core</Filter>
    </ClCompile>
    <ClCompile Include="..\..\..\..\addons\ofxPDSP\src\DSP\core\operators.cpp">
      <Filter>addons\ofxPDSP\src\DSP\core</Filter>
    </ClCompile>
    <ClCompile Include="..\..\..\..\addons\ofxPDSP\src\DSP\core\PatchNode.cpp">
      <Filter>addons\ofxPDSP\src\DSP\core</Filter>
    </ClCompile>
    <ClCompile Include="..\..\..\..\addons\ofxPDSP\src\DSP\core\Preparable.cpp">
      <Filter>addons\ofxPDSP\src\DSP\core</Filter>
    </ClCompile>
    <ClCompile Include="..\..\..\..\addons\ofxPDSP\src\DSP\core\Processor.cpp">
      <Filter>addons\ofxPDSP\src\DSP\core</Filter>
    </ClCompile>
    <ClCompile Include="..\..\..\..\addons\ofxPDSP\src\DSP\core\Switch.cpp">
      <Filter>addons\ofxPDSP\src\DSP\core</Filter>
    </ClCompile>
    <ClCompile Include="..\..\..\..\addons\ofxPDSP\src\DSP\delays\AllPassDelay.cpp">
      <Filter>addons\ofxPDSP\src\DSP\delays</Filter>
    </ClCompile>
    <ClCompile Include="..\..\..\..\addons\ofxPDSP\src\DSP\delays\Delay.cpp">
      <Filter>addons\ofxPDSP\src\DSP\delays</Filter>
    </ClCompile>
    <ClCompile Include="..\..\..\..\addons\ofxPDSP\src\DSP\delays\SRDelay.cpp">
      <Filter>addons\ofxPDSP\src\DSP\delays</Filter>
    </ClCompile>
    <ClCompile Include="..\..\..\..\addons\ofxPDSP\src\DSP\dynamics\AbsoluteValue.cpp">
      <Filter>addons\ofxPDSP\src\DSP\dynamics</Filter>
    </ClCompile>
    <ClCompile Include="..\..\..\..\addons\ofxPDSP\src\DSP\dynamics\EnvelopeFollower.cpp">
      <Filter>addons\ofxPDSP\src\DSP\dynamics</Filter>
    </ClCompile>
    <ClCompile Include="..\..\..\..\addons\ofxPDSP\src\DSP\dynamics\GainComputer.cpp">
      <Filter>addons\ofxPDSP\src\DSP\dynamics</Filter>
    </ClCompile>
    <ClCompile Include="..\..\..\..\addons\ofxPDSP\src\DSP\dynamics\LHDelay.cpp">
      <Filter>addons\ofxPDSP\src\DSP\dynamics</Filter>
    </ClCompile>
    <ClCompile Include="..\..\..\..\addons\ofxPDSP\src\DSP\dynamics\PositiveValue.cpp">
      <Filter>addons\ofxPDSP\src\DSP\dynamics</Filter>
    </ClCompile>
    <ClCompile Include="..\..\..\..\addons\ofxPDSP\src\DSP\dynamics\RMSDetector.cpp">
      <Filter>addons\ofxPDSP\src\DSP\dynamics</Filter>
    </ClCompile>
    <ClCompile Include="..\..\..\..\addons\ofxPDSP\src\DSP\dynamics\SquarePeakDetector.cpp">
      <Filter>addons\ofxPDSP\src\DSP\dynamics</Filter>
    </ClCompile>
    <ClCompile Include="..\..\..\..\addons\ofxPDSP\src\DSP\envelopes\ADSR.cpp">
      <Filter>addons\ofxPDSP\src\DSP\envelopes</Filter>
    </ClCompile>
    <ClCompile Include="..\..\..\..\addons\ofxPDSP\src\DSP\envelopes\AHR.cpp">
      <Filter>addons\ofxPDSP\src\DSP\envelopes</Filter>
    </ClCompile>
    <ClCompile Include="..\..\..\..\addons\ofxPDSP\src\DSP\envelopes\stages\EnvelopeStage.cpp">
      <Filter>addons\ofxPDSP\src\DSP\envelopes\stages</Filter>
    </ClCompile>
    <ClCompile Include="..\..\..\..\addons\ofxPDSP\src\DSP\filters\APF1.cpp">
      <Filter>addons\ofxPDSP\src\DSP\filters</Filter>
    </ClCompile>
    <ClCompile Include="..\..\..\..\addons\ofxPDSP\src\DSP\filters\APF4.cpp">
      <Filter>addons\ofxPDSP\src\DSP\filters</Filter>
    </ClCompile>
    <ClCompile Include="..\..\..\..\addons\ofxPDSP\src\DSP\filters\MultiLadder4.cpp">
      <Filter>addons\ofxPDSP\src\DSP\filters</Filter>
    </ClCompile>
    <ClCompile Include="..\..\..\..\addons\ofxPDSP\src\DSP\filters\OnePole.cpp">
      <Filter>addons\ofxPDSP\src\DSP\filters</Filter>
    </ClCompile>
    <ClCompile Include="..\..\..\..\addons\ofxPDSP\src\DSP\filters\SVF2.cpp">
      <Filter>addons\ofxPDSP\src\DSP\filters</Filter>
    </ClCompile>
    <ClCompile Include="..\..\..\..\addons\ofxPDSP\src\DSP\filters\biquads\BiquadBase.cpp">
      <Filter>addons\ofxPDSP\src\DSP\filters\biquads</Filter>
    </ClCompile>
    <ClCompile Include="..\..\..\..\addons\ofxPDSP\src\DSP\filters\biquads\BiquadHighShelf.cpp">
      <Filter>addons\ofxPDSP\src\DSP\filters\biquads</Filter>
    </ClCompile>
    <ClCompile Include="..\..\..\..\addons\ofxPDSP\src\DSP\filters\biquads\BiquadHPF2.cpp">
      <Filter>addons\ofxPDSP\src\DSP\filters\biquads</Filter>
    </ClCompile>
    <ClCompile Include="..\..\..\..\addons\ofxPDSP\src\DSP\filters\biquads\BiquadLowShelf.cpp">
      <Filter>addons\ofxPDSP\src\DSP\filters\biquads</Filter>
    </ClCompile>
    <ClCompile Include="..\..\..\..\addons\ofxPDSP\src\DSP\filters\biquads\BiquadLPF2.cpp">
      <Filter>addons\ofxPDSP\src\DSP\filters\biquads</Filter>
    </ClCompile>
    <ClCompile Include="..\..\..\..\addons\ofxPDSP\src\DSP\filters\biquads\BiquadPeakEQ.cpp">
      <Filter>addons\ofxPDSP\src\DSP\filters\biquads</Filter>
    </ClCompile>
    <ClCompile Include="..\..\..\..\addons\ofxPDSP\src\DSP\helpers\FFTWorker.cpp">
      <Filter>addons\ofxPDSP\src\DSP\helpers</Filter>
    </ClCompile>
    <ClCompile Include="..\..\..\..\addons\ofxPDSP\src\DSP\helpers\UsesSlew.cpp">
      <Filter>addons\ofxPDSP\src\DSP\helpers</Filter>
    </ClCompile>
    <ClCompile Include="..\..\..\..\addons\ofxPDSP\src\DSP\oscillators\antialiased\BLEPSaw.cpp">
      <Filter>addons\ofxPDSP\src\DSP\oscillators\antialiased</Filter>
    </ClCompile>
    <ClCompile Include="..\..\..\..\addons\ofxPDSP\src\DSP\oscillators\antialiased\DPWTri.cpp">
      <Filter>addons\ofxPDSP\src\DSP\oscillators\antialiased</Filter>
    </ClCompile>
    <ClCompile Include="..\..\..\..\addons\ofxPDSP\src\DSP\oscillators\antialiased\BLEP\BLEPBased.cpp">
      <Filter>addons\ofxPDSP\src\DSP\oscillators\antialiased\BLEP</Filter>
    </ClCompile>
    <ClCompile Include="..\..\..\..\addons\ofxPDSP\src\DSP\oscillators\antialiased\BLEP\BLEPTable.cpp">
      <Filter>addons\ofxPDSP\src\DSP\oscillators\antialiased\BLEP</Filter>
    </ClCompile>
    <ClCompile Include="..\..\..\..\addons\ofxPDSP\src\DSP\oscillators\base\Oscillator.cpp">
      <Filter>addons\ofxPDSP\src\DSP\oscillators\base</Filter>
    </ClCompile>
    <ClCompile Include="..\..\..\..\addons\ofxPDSP\src\DSP\oscillators\base\OscillatorVariShape.cpp">
      <Filter>addons\ofxPDSP\src\DSP\oscillators\base</Filter>
    </ClCompile>
    <ClCompile Include="..\..\..\..\addons\ofxPDSP\src\DSP\oscillators\cheap\CheapPulse.cpp">
      <Filter>addons\ofxPDSP\src\DSP\oscillators\cheap</Filter>
    </ClCompile>
    <ClCompile Include="..\..\..\..\addons\ofxPDSP\src\DSP\oscillators\cheap\CheapSaw.cpp">
      <Filter>addons\ofxPDSP\src\DSP\oscillators\cheap</Filter>
    </ClCompile>
    <ClCompile Include="..\..\..\..\addons\ofxPDSP\src\DSP\oscillators\cheap\CheapSine.cpp">
      <Filter>addons\ofxPDSP\src\DSP\oscillators\cheap</Filter>
    </ClCompile>
    <ClCompile Include="..\..\..\..\addons\ofxPDSP\src\DSP\oscillators\cheap\CheapTri.cpp">
      <Filter>addons\ofxPDSP\src\DSP\oscillators\cheap</Filter>
    </ClCompile>
    <ClCompile Include="..\..\..\..\addons\ofxPDSP\src\DSP\oscillators\fm\SineFB.cpp">
      <Filter>addons\ofxPDSP\src\DSP\oscillators\fm</Filter>
    </ClCompile>
    <ClCompile Include="..\..\..\..\addons\ofxPDSP\src\DSP\oscillators\phasors\ClockedPhasor.cpp">
      <Filter>addons\ofxPDSP\src\DSP\oscillators\phasors</Filter>
    </ClCompile>
    <ClCompile Include="..\..\..\..\addons\ofxPDSP\src\DSP\oscillators\phasors\LFOPhasor.cpp">
      <Filter>addons\ofxPDSP\src\DSP\oscillators\phasors</Filter>
    </ClCompile>
    <ClCompile Include="..\..\..\..\addons\ofxPDSP\src\DSP\oscillators\phasors\PhasorShifter.cpp">
      <Filter>addons\ofxPDSP\src\DSP\oscillators\phasors</Filter>
    </ClCompile>
    <ClCompile Include="..\..\..\..\addons\ofxPDSP\src\DSP\oscillators\phasors\PMPhasor.cpp">
      <Filter>addons\ofxPDSP\src\DSP\oscillators\phasors</Filter>
    </ClCompile>
    <ClCompile Include="..\..\..\..\addons\ofxPDSP\src\DSP\oscillators\wavetable\DataOsc.cpp">
      <Filter>addons\ofxPDSP\src\DSP\oscillators\wavetable</Filter>
    </ClCompile>
    <ClCompile Include="..\..\..\..\addons\ofxPDSP\src\DSP\oscillators\wavetable\DataTable.cpp">
      <Filter>addons\ofxPDSP\src\DSP\oscillators\wavetable</Filter>
    </ClCompile>
    <ClCompile Include="..\..\..\..\addons\ofxPDSP\src\DSP\oscillators\wavetable\WaveTable.cpp">
      <Filter>addons\ofxPDSP\src\DSP\oscillators\wavetable</Filter>
    </ClCompile>
    <ClCompile Include="..\..\..\..\addons\ofxPDSP\src\DSP\oscillators\wavetable\WaveTableOsc.cpp">
      <Filter>addons\ofxPDSP\src\DSP\oscillators\wavetable</Filter>
    </ClCompile>
    <ClCompile Include="..\..\..\..\addons\ofxPDSP\src\DSP\random\TriggeredRandom.cpp">
      <Filter>addons\ofxPDSP\src\DSP\random</Filter>
    </ClCompile>
    <ClCompile Include="..\..\..\..\addons\ofxPDSP\src\DSP\random\WhiteNoise.cpp">
      <Filter>addons\ofxPDSP\src\DSP\random</Filter>
    </ClCompile>
    <ClCompile Include="..\..\..\..\addons\ofxPDSP\src\DSP\resamplers\BandLimit.cpp">
      <Filter>addons\ofxPDSP\src\DSP\resamplers</Filter>
    </ClCompile>
    <ClCompile Include="..\..\..\..\addons\ofxPDSP\src\DSP\resamplers\DownSampler.cpp">
      <Filter>addons\ofxPDSP\src\DSP\resamplers</Filter>
    </ClCompile>
    <ClCompile Include="..\..\..\..\addons\ofxPDSP\src\DSP\resamplers\IIRDownSampler2x.cpp">
      <Filter>addons\ofxPDSP\src\DSP\resamplers</Filter>
    </ClCompile>
    <ClCompile Include="..\..\..\..\addons\ofxPDSP\src\DSP\resamplers\IIRUpSampler2x.cpp">
      <Filter>addons\ofxPDSP\src\DSP\resamplers</Filter>
    </ClCompile>
    <ClCompile Include="..\..\..\..\addons\ofxPDSP\src\DSP\resamplers\UpSampler.cpp">
      <Filter>addons\ofxPDSP\src\DSP\resamplers</Filter>
    </ClCompile>
    <ClCompile Include="..\..\..\..\addons\ofxPDSP\src\DSP\resamplers\ZeroDownSampler.cpp">
      <Filter>addons\ofxPDSP\src\DSP\resamplers</Filter>
    </ClCompile>
    <ClCompile Include="..\..\..\..\addons\ofxPDSP\src\DSP\resamplers\ZeroUpSampler.cpp">
      <Filter>addons\ofxPDSP\src\DSP\resamplers</Filter>
    </ClCompile>
    <ClCompile Include="..\..\..\..\addons\ofxPDSP\src\DSP\samplers\GrainWindow.cpp">
      <Filter>addons\ofxPDSP\src\DSP\samplers</Filter>
    </ClCompile>
    <ClCompile Include="..\..\..\..\addons\ofxPDSP\src\DSP\samplers\SampleBuffer.cpp">
      <Filter>addons\ofxPDSP\src\DSP\samplers</Filter>
    </ClCompile>
    <ClCompile Include="..\..\..\..\addons\ofxPDSP\src\DSP\samplers\Sampler.cpp">
      <Filter>addons\ofxPDSP\src\DSP\samplers</Filter>
    </ClCompile>
    <ClCompile Include="..\..\..\..\addons\ofxPDSP\src\DSP\samplers\grain\GrainBased.cpp">
      <Filter>addons\ofxPDSP\src\DSP\samplers\grain</Filter>
    </ClCompile>
    <ClCompile Include="..\..\..\..\addons\ofxPDSP\src\DSP\samplers\grain\GrainTable.cpp">
      <Filter>addons\ofxPDSP\src\DSP\samplers\grain</Filter>
    </ClCompile>
    <ClCompile Include="..\..\..\..\addons\ofxPDSP\src\DSP\signal\Bitcruncher.cpp">
      <Filter>addons\ofxPDSP\src\DSP\signal</Filter>
    </ClCompile>
    <ClCompile Include="..\..\..\..\addons\ofxPDSP\src\DSP\signal\Decimator.cpp">
      <Filter>addons\ofxPDSP\src\DSP\signal</Filter>
    </ClCompile>
    <ClCompile Include="..\..\..\..\addons\ofxPDSP\src\DSP\signal\SampleAndHold.cpp">
      <Filter>addons\ofxPDSP\src\DSP\signal</Filter>
    </ClCompile>
    <ClCompile Include="..\..\..\..\addons\ofxPDSP\src\DSP\signal\Saturator1.cpp">
      <Filter>addons\ofxPDSP\src\DSP\signal</Filter>
    </ClCompile>
    <ClCompile Include="..\..\..\..\addons\ofxPDSP\src\DSP\signal\Saturator2.cpp">
      <Filter>addons\ofxPDSP\src\DSP\signal</Filter>
    </ClCompile>
    <ClCompile Include="..\..\..\..\addons\ofxPDSP\src\DSP\signal\SoftClip.cpp">
      <Filter>addons\ofxPDSP\src\DSP\signal</Filter>
    </ClCompile>
    <ClCompile Include="..\..\..\..\addons\ofxPDSP\src\DSP\utility\BipolarToUnipolar.cpp">
      <Filter>addons\ofxPDSP\src\DSP\utility</Filter>
    </ClCompile>
    <ClCompile Include="..\..\..\..\addons\ofxPDSP\src\DSP\utility\DBtoLin.cpp">
      <Filter>addons\ofxPDSP\src\DSP\utility</Filter>
    </ClCompile>
    <ClCompile Include="..\..\..\..\addons\ofxPDSP\src\DSP\utility\FreqToMs.cpp">
      <Filter>addons\ofxPDSP\src\DSP\utility</Filter>
    </ClCompile>
    <ClCompile Include="..\..\..\..\addons\ofxPDSP\src\DSP\utility\LinToDB.cpp">
      <Filter>addons\ofxPDSP\src\DSP\utility</Filter>
    </ClCompile>
    <ClCompile Include="..\..\..\..\addons\ofxPDSP\src\DSP\utility\MaxValue.cpp">
      <Filter>addons\ofxPDSP\src\DSP\utility</Filter>
    </ClCompile>
    <ClCompile Include="..\..\..\..\addons\ofxPDSP\src\DSP\utility\OneBarTimeMs.cpp">
      <Filter>addons\ofxPDSP\src\DSP\utility</Filter>
    </ClCompile>
    <ClCompile Include="..\..\..\..\addons\ofxPDSP\src\DSP\utility\OneMinusInput.cpp">
      <Filter>addons\ofxPDSP\src\DSP\utility</Filter>
    </ClCompile>
    <ClCompile Include="..\..\..\..\addons\ofxPDSP\src\DSP\utility\PitchToFreq.cpp">
      <Filter>addons\ofxPDSP\src\DSP\utility</Filter>
    </ClCompile>
    <ClCompile Include="..\..\..\..\addons\ofxPDSP\src\DSP\utility\SamplesDelay.cpp">
      <Filter>addons\ofxPDSP\src\DSP\utility</Filter>
    </ClCompile>
    <ClCompile Include="..\..\..\..\addons\ofxPDSP\src\math\dsphelpers\incrementCalculator.cpp">
      <Filter>addons\ofxPDSP\src\math\dsphelpers</Filter>
    </ClCompile>
    <ClCompile Include="..\..\..\..\addons\ofxPDSP\src\math\dsphelpers\sanity_check.cpp">
      <Filter>addons\ofxPDSP\src\math\dsphelpers</Filter>
    </ClCompile>
    <ClCompile Include="..\..\..\..\addons\ofxPDSP\src\math\random\random.cpp">
      <Filter>addons\ofxPDSP\src\math\random</Filter>
    </ClCompile>
    <ClCompile Include="..\..\..\..\addons\ofxPDSP\src\math\simd\core\activate.cpp">
      <Filter>addons\ofxPDSP\src\math\simd\core</Filter>
    </ClCompile>
    <ClCompile Include="..\..\..\..\addons\ofxPDSP\src\math\simd\core\allocator.cpp">
      <Filter>addons\ofxPDSP\src\math\simd\core</Filter>
    </ClCompile>
    <ClCompile Include="..\..\..\..\addons\ofxPDSP\src\math\tables\blep.cpp">
      <Filter>addons\ofxPDSP\src\math\tables</Filter>
    </ClCompile>
    <ClCompile Include="..\..\..\..\addons\ofxPDSP\src\math\tables\dsp_windows.cpp">
      <Filter>addons\ofxPDSP\src\math\tables</Filter>
    </ClCompile>
    <ClCompile Include="..\..\..\..\addons\ofxPDSP\src\messages\Clockable.cpp">
      <Filter>addons\ofxPDSP\src\messages</Filter>
    </ClCompile>
    <ClCompile Include="..\..\..\..\addons\ofxPDSP\src\messages\MessageBuffer.cpp">
      <Filter>addons\ofxPDSP\src\messages</Filter>
    </ClCompile>
    <ClCompile Include="..\..\..\..\addons\ofxPDSP\src\modules\dynamics\Compressor.cpp">
      <Filter>addons\ofxPDSP\src\modules\dynamics</Filter>
    </ClCompile>
    <ClCompile Include="..\..\..\..\addons\ofxPDSP\src\modules\dynamics\Ducker.cpp">
      <Filter>addons\ofxPDSP\src\modules\dynamics</Filter>
    </ClCompile>
    <ClCompile Include="..\..\..\..\addons\ofxPDSP\src\modules\effects\DimensionChorus.cpp">
      <Filter>addons\ofxPDSP\src\modules\effects</Filter>
    </ClCompile>
    <ClCompile Include="..\..\..\..\addons\ofxPDSP\src\modules\equalizers\AAHighShelfEQ.cpp">
      <Filter>addons\ofxPDSP\src\modules\equalizers</Filter>
    </ClCompile>
    <ClCompile Include="..\..\..\..\addons\ofxPDSP\src\modules\equalizers\AALowShelfEQ.cpp">
      <Filter>addons\ofxPDSP\src\modules\equalizers</Filter>
    </ClCompile>
    <ClCompile Include="..\..\..\..\addons\ofxPDSP\src\modules\equalizers\AAPeakEQ.cpp">
      <Filter>addons\ofxPDSP\src\modules\equalizers</Filter>
    </ClCompile>
    <ClCompile Include="..\..\..\..\addons\ofxPDSP\src\modules\equalizers\HighCut.cpp">
      <Filter>addons\ofxPDSP\src\modules\equalizers</Filter>
    </ClCompile>
    <ClCompile Include="..\..\..\..\addons\ofxPDSP\src\modules\equalizers\HighShelfEQ.cpp">
      <Filter>addons\ofxPDSP\src\modules\equalizers</Filter>
    </ClCompile>
    <ClCompile Include="..\..\..\..\addons\ofxPDSP\src\modules\equalizers\LowCut.cpp">
      <Filter>addons\ofxPDSP\src\modules\equalizers</Filter>
    </ClCompile>
    <ClCompile Include="..\..\..\..\addons\ofxPDSP\src\modules\equalizers\LowShelfEQ.cpp">
      <Filter>addons\ofxPDSP\src\modules\equalizers</Filter>
    </ClCompile>
    <ClCompile Include="..\..\..\..\addons\ofxPDSP\src\modules\equalizers\PeakEQ.cpp">
      <Filter>addons\ofxPDSP\src\modules\equalizers</Filter>
    </ClCompile>
    <ClCompile Include="..\..\..\..\addons\ofxPDSP\src\modules\filters\CombFilter.cpp">
      <Filter>addons\ofxPDSP\src\modules\filters</Filter>
    </ClCompile>
    <ClCompile Include="..\..\..\..\addons\ofxPDSP\src\modules\filters\PhaserFilter.cpp">
      <Filter>addons\ofxPDSP\src\modules\filters</Filter>
    </ClCompile>
    <ClCompile Include="..\..\..\..\addons\ofxPDSP\src\modules\filters\SVFilter.cpp">
      <Filter>addons\ofxPDSP\src\modules\filters</Filter>
    </ClCompile>
    <ClCompile Include="..\..\..\..\addons\ofxPDSP\src\modules\filters\VAFilter.cpp">
      <Filter>addons\ofxPDSP\src\modules\filters</Filter>
    </ClCompile>
    <ClCompile Include="..\..\..\..\addons\ofxPDSP\src\modules\oscillators\ClockedLFO.cpp">
      <Filter>addons\ofxPDSP\src\modules\oscillators</Filter>
    </ClCompile>
    <ClCompile Include="..\..\..\..\addons\ofxPDSP\src\modules\oscillators\DataOscillator.cpp">
      <Filter>addons\ofxPDSP\src\modules\oscillators</Filter>
    </ClCompile>
    <ClCompile Include="..\..\..\..\addons\ofxPDSP\src\modules\oscillators\FMOperator.cpp">
      <Filter>addons\ofxPDSP\src\modules\oscillators</Filter>
    </ClCompile>
    <ClCompile Include="..\..\..\..\addons\ofxPDSP\src\modules\oscillators\LFO.cpp">
      <Filter>addons\ofxPDSP\src\modules\oscillators</Filter>
    </ClCompile>
    <ClCompile Include="..\..\..\..\addons\ofxPDSP\src\modules\oscillators\TableOscillator.cpp">
      <Filter>addons\ofxPDSP\src\modules\oscillators</Filter>
    </ClCompile>
    <ClCompile Include="..\..\..\..\addons\ofxPDSP\src\modules\oscillators\VAOscillator.cpp">
      <Filter>addons\ofxPDSP\src\modules\oscillators</Filter>
    </ClCompile>
    <ClCompile Include="..\..\..\..\addons\ofxPDSP\src\modules\reverbs\BasiVerb.cpp">
      <Filter>addons\ofxPDSP\src\modules\reverbs</Filter>
    </ClCompile>
    <ClCompile Include="..\..\..\..\addons\ofxPDSP\src\modules\reverbs\IRVerb.cpp">
      <Filter>addons\ofxPDSP\src\modules\reverbs</Filter>
    </ClCompile>
    <ClCompile Include="..\..\..\..\addons\ofxPDSP\src\modules\samplers\GrainCloud.cpp">
      <Filter>addons\ofxPDSP\src\modules\samplers</Filter>
    </ClCompile>
    <ClCompile Include="..\..\..\..\addons\ofxPDSP\src\modules\samplers\TriggeredGrain.cpp">
      <Filter>addons\ofxPDSP\src\modules\samplers</Filter>
    </ClCompile>
    <ClCompile Include="..\..\..\..\addons\ofxPDSP\src\modules\signal\LinearCrossfader.cpp">
      <Filter>addons\ofxPDSP\src\modules\signal</Filter>
    </ClCompile>
    <ClCompile Include="..\..\..\..\addons\ofxPDSP\src\modules\signal\Panner.cpp">
      <Filter>addons\ofxPDSP\src\modules\signal</Filter>
    </ClCompile>
    <ClCompile Include="..\..\..\..\addons\ofxPDSP\src\modules\sources\BitNoise.cpp">
      <Filter>addons\ofxPDSP\src\modules\sources</Filter>
    </ClCompile>
    <ClCompile Include="..\..\..\..\addons\ofxPDSP\src\ofx\ComputerKeyboard.cpp">
      <Filter>addons\ofxPDSP\src\ofx</Filter>
    </ClCompile>
    <ClCompile Include="..\..\..\..\addons\ofxPDSP\src\ofx\Engine.cpp">
      <Filter>addons\ofxPDSP\src\ofx</Filter>
    </ClCompile>
    <ClCompile Include="..\..\..\..\addons\ofxPDSP\src\ofx\MidiControls.cpp">
      <Filter>addons\ofxPDSP\src\ofx</Filter>
    </ClCompile>
    <ClCompile Include="..\..\..\..\addons\ofxPDSP\src\ofx\MidiIn.cpp">
      <Filter>addons\ofxPDSP\src\ofx</Filter>
    </ClCompile>
    <ClCompile Include="..\..\..\..\addons\ofxPDSP\src\ofx\MidiKeys.cpp">
      <Filter>addons\ofxPDSP\src\ofx</Filter>
    </ClCompile>
    <ClCompile Include="..\..\..\..\addons\ofxPDSP\src\ofx\MidiOut.cpp">
      <Filter>addons\ofxPDSP\src\ofx</Filter>
    </ClCompile>
    <ClCompile Include="..\..\..\..\addons\ofxPDSP\src\ofx\MidiPads.cpp">
      <Filter>addons\ofxPDSP\src\ofx</Filter>
    </ClCompile>
    <ClCompile Include="..\..\..\..\addons\ofxPDSP\src\ofx\ofxPDSPFunctions.cpp">
      <Filter>addons\ofxPDSP\src\ofx</Filter>
    </ClCompile>
    <ClCompile Include="..\..\..\..\addons\ofxPDSP\src\ofx\OscInput.cpp">
      <Filter>addons\ofxPDSP\src\ofx</Filter>
    </ClCompile>
    <ClCompile Include="..\..\..\..\addons\ofxPDSP\src\ofx\OscOutput.cpp">
      <Filter>addons\ofxPDSP\src\ofx</Filter>
    </ClCompile>
    <ClCompile Include="..\..\..\..\addons\ofxPDSP\src\ofx\Parameter.cpp">
      <Filter>addons\ofxPDSP\src\ofx</Filter>
    </ClCompile>
    <ClCompile Include="..\..\..\..\addons\ofxPDSP\src\ofx\ParameterAmp.cpp">
      <Filter>addons\ofxPDSP\src\ofx</Filter>
    </ClCompile>
    <ClCompile Include="..\..\..\..\addons\ofxPDSP\src\ofx\ParameterGain.cpp">
      <Filter>addons\ofxPDSP\src\ofx</Filter>
    </ClCompile>
    <ClCompile Include="..\..\..\..\addons\ofxPDSP\src\ofx\SampleBufferPlotter.cpp">
      <Filter>addons\ofxPDSP\src\ofx</Filter>
    </ClCompile>
    <ClCompile Include="..\..\..\..\addons\ofxPDSP\src\ofx\Scope.cpp">
      <Filter>addons\ofxPDSP\src\ofx</Filter>
    </ClCompile>
    <ClCompile Include="..\..\..\..\addons\ofxPDSP\src\ofx\SerialOut.cpp">
      <Filter>addons\ofxPDSP\src\ofx</Filter>
    </ClCompile>
    <ClCompile Include="..\..\..\..\addons\ofxPDSP\src\ofx\Wrapper.cpp">
      <Filter>addons\ofxPDSP\src\ofx</Filter>
    </ClCompile>
    <ClCompile Include="..\..\..\..\addons\ofxPDSP\src\ofx\helper\EngineGraphics.cpp">
      <Filter>addons\ofxPDSP\src\ofx\helper</Filter>
    </ClCompile>
    <ClCompile Include="..\..\..\..\addons\ofxPDSP\src\ofx\helper\MidiCCBuffers.cpp">
      <Filter>addons\ofxPDSP\src\ofx\helper</Filter>
    </ClCompile>
    <ClCompile Include="..\..\..\..\addons\ofxPDSP\src\ofx\helper\MidiKeysBuffers.cpp">
      <Filter>addons\ofxPDSP\src\ofx\helper</Filter>
    </ClCompile>
    <ClCompile Include="..\..\..\..\addons\ofxPDSP\src\ofx\helper\SequencerSectionPlotter.cpp">
      <Filter>addons\ofxPDSP\src\ofx\helper</Filter>
    </ClCompile>
    <ClCompile Include="..\..\..\..\addons\ofxPDSP\src\sequencer\Sequence.cpp">
      <Filter>addons\ofxPDSP\src\sequencer</Filter>
    </ClCompile>
    <ClCompile Include="..\..\..\..\addons\ofxPDSP\src\sequencer\SequencerMessage.cpp">
      <Filter>addons\ofxPDSP\src\sequencer</Filter>
    </ClCompile>
    <ClCompile Include="..\..\..\..\addons\ofxPDSP\src\sequencer\SequencerProcessor.cpp">
      <Filter>addons\ofxPDSP\src\sequencer</Filter>
    </ClCompile>
    <ClCompile Include="..\..\..\..\addons\ofxPDSP\src\sequencer\SequencerSection.cpp">
      <Filter>addons\ofxPDSP\src\sequencer</Filter>
    </ClCompile>
    <ClCompile Include="..\..\..\..\addons\ofxPDSP\src\sequencer\stockBehaviors.cpp">
      <Filter>addons\ofxPDSP\src\sequencer</Filter>
    </ClCompile>
    <ClCompile Include="..\..\..\..\addons\ofxPDSP\libs\audiofft\AudioFFT.cpp">
      <Filter>addons\ofxPDSP\libs\audiofft</Filter>
    </ClCompile>
    <ClCompile Include="..\..\..\..\addons\ofxSIMDFloats\src\core\activate.cpp">
      <Filter>addons\ofxSIMDFloats\src\core</Filter>
    </ClCompile>
    <ClCompile Include="..\..\..\..\addons\ofxSIMDFloats\src\core\allocator.cpp">
      <Filter>addons\ofxSIMDFloats\src\core</Filter>
    </ClCompile>
    <ClCompile Include="..\..\..\..\addons\ofxAudioFile\src\ofxAudioFile.cpp">
      <Filter>addons\ofxAudioFile\src</Filter>
    </ClCompile>
  </ItemGroup>
  <ItemGroup>
    <Filter Include="src">
      <UniqueIdentifier>{d8376475-7454-4a24-b08a-aac121d3ad6f}</UniqueIdentifier>
    </Filter>
    <Filter Include="addons">
      <UniqueIdentifier>{f58a2cee-913c-449a-8688-eddbb519b6b9}</UniqueIdentifier>
    </Filter>
    <Filter Include="addons\ofxOsc">
      <UniqueIdentifier>{1832f3f3-d09a-418c-beef-34ff3330875f}</UniqueIdentifier>
    </Filter>
    <Filter Include="addons\ofxOsc\src">
      <UniqueIdentifier>{489b3bcb-66dd-4309-a95e-89dfeb766ce1}</UniqueIdentifier>
    </Filter>
    <Filter Include="addons\ofxOsc\libs">
      <UniqueIdentifier>{67620b6b-d8e1-4f5c-88dd-571d2658e4da}</UniqueIdentifier>
    </Filter>
    <Filter Include="addons\ofxOsc\libs\oscpack">
      <UniqueIdentifier>{e67c4f95-3d0d-4aa5-a50f-acf357f0400e}</UniqueIdentifier>
    </Filter>
    <Filter Include="addons\ofxOsc\libs\oscpack\src">
      <UniqueIdentifier>{7d505930-4fbe-4e7f-bb58-704348979a92}</UniqueIdentifier>
    </Filter>
    <Filter Include="addons\ofxOsc\libs\oscpack\src\ip">
      <UniqueIdentifier>{722ec3ca-655e-4f51-bb34-e802db0b34f4}</UniqueIdentifier>
    </Filter>
    <Filter Include="addons\ofxOsc\libs\oscpack\src\ip\win32">
      <UniqueIdentifier>{c6f2b188-1861-4ff8-bf3f-adcd34082813}</UniqueIdentifier>
    </Filter>
    <Filter Include="addons\ofxOsc\libs\oscpack\src\osc">
      <UniqueIdentifier>{ed428337-30eb-40e2-86a1-6a674178b349}</UniqueIdentifier>
    </Filter>
    <Filter Include="addons\ofxImGui">
      <UniqueIdentifier>{596f065a-9de1-44d3-a048-8219cf8affc1}</UniqueIdentifier>
    </Filter>
    <Filter Include="addons\ofxImGui\src">
      <UniqueIdentifier>{6c74a4e8-fa70-4f68-9a52-2d48bf4e5f15}</UniqueIdentifier>
    </Filter>
    <Filter Include="addons\ofxImGui\libs">
      <UniqueIdentifier>{25d68d54-25ef-4bb4-a7f7-fc557c30d3c2}</UniqueIdentifier>
    </Filter>
    <Filter Include="addons\ofxImGui\libs\imgui">
      <UniqueIdentifier>{238e21c5-a5be-488a-8410-57df83557010}</UniqueIdentifier>
    </Filter>
    <Filter Include="addons\ofxImGui\libs\imgui\src">
      <UniqueIdentifier>{f7bae0c3-ecf6-4a23-96e6-e07eca4f6ac4}</UniqueIdentifier>
    </Filter>
    <Filter Include="addons\ofxMidi">
      <UniqueIdentifier>{97c724e3-18ed-48d0-8e57-f978192af77e}</UniqueIdentifier>
    </Filter>
    <Filter Include="addons\ofxMidi\src">
      <UniqueIdentifier>{75f0b561-1def-4b8b-8868-dbfaa60f2a0b}</UniqueIdentifier>
    </Filter>
    <Filter Include="addons\ofxMidi\src\desktop">
      <UniqueIdentifier>{ec106bf9-5f08-4a7c-ad16-44c5435d86f4}</UniqueIdentifier>
    </Filter>
    <Filter Include="addons\ofxMidi\src\ios">
      <UniqueIdentifier>{91880fae-0bef-42ff-ac68-17215065a600}</UniqueIdentifier>
    </Filter>
    <Filter Include="addons\ofxMidi\libs">
      <UniqueIdentifier>{321e8485-0d4b-4db9-a289-2a0a1f992797}</UniqueIdentifier>
    </Filter>
    <Filter Include="addons\ofxMidi\libs\pgmidi">
      <UniqueIdentifier>{c3fd623c-abaa-4d1e-a60f-9ed220a6b919}</UniqueIdentifier>
    </Filter>
    <Filter Include="addons\ofxMidi\libs\rtmidi">
      <UniqueIdentifier>{776528bc-14ce-4499-9af5-1327920ca00d}</UniqueIdentifier>
    </Filter>
    <Filter Include="addons\ofxPDSP">
      <UniqueIdentifier>{834c1c10-2614-4434-addb-258146a4e7b5}</UniqueIdentifier>
    </Filter>
    <Filter Include="addons\ofxPDSP\src">
      <UniqueIdentifier>{40d97db7-b6ff-4a24-b284-7772931796ea}</UniqueIdentifier>
    </Filter>
    <Filter Include="addons\ofxPDSP\src\DSP">
      <UniqueIdentifier>{c9efb236-a04b-4362-b0a9-61105c94dccd}</UniqueIdentifier>
    </Filter>
    <Filter Include="addons\ofxPDSP\src\DSP\control">
      <UniqueIdentifier>{3fcb7789-5c80-463f-a9da-39259fcd39c8}</UniqueIdentifier>
    </Filter>
    <Filter Include="addons\ofxPDSP\src\DSP\convolution">
      <UniqueIdentifier>{8207e716-b7ef-4427-bb2a-e735bd750cd7}</UniqueIdentifier>
    </Filter>
    <Filter Include="addons\ofxPDSP\src\DSP\core">
      <UniqueIdentifier>{4465b3e5-3aad-4b27-be6b-27a44b427fb4}</UniqueIdentifier>
    </Filter>
    <Filter Include="addons\ofxPDSP\src\DSP\delays">
      <UniqueIdentifier>{18feda12-1562-47c0-8585-5d755608f30d}</UniqueIdentifier>
    </Filter>
    <Filter Include="addons\ofxPDSP\src\DSP\dynamics">
      <UniqueIdentifier>{89aff759-9de0-4a8a-bd59-e1c31eae8c40}</UniqueIdentifier>
    </Filter>
    <Filter Include="addons\ofxPDSP\src\DSP\envelopes">
      <UniqueIdentifier>{0cdc9659-72b7-4639-9e9d-2b93ce7ad24c}</UniqueIdentifier>
    </Filter>
    <Filter Include="addons\ofxPDSP\src\DSP\envelopes\stages">
      <UniqueIdentifier>{d4a86d09-22c8-447b-adb0-e726019a6181}</UniqueIdentifier>
    </Filter>
    <Filter Include="addons\ofxPDSP\src\DSP\filters">
      <UniqueIdentifier>{4fe875f0-a5d1-4f2a-bbb1-0c99aa023a91}</UniqueIdentifier>
    </Filter>
    <Filter Include="addons\ofxPDSP\src\DSP\filters\biquads">
      <UniqueIdentifier>{ad579209-1bcd-4472-90aa-dcde6d3af8b0}</UniqueIdentifier>
    </Filter>
    <Filter Include="addons\ofxPDSP\src\DSP\helpers">
      <UniqueIdentifier>{aafb7078-1055-48c9-9fa0-15c0d694f12f}</UniqueIdentifier>
    </Filter>
    <Filter Include="addons\ofxPDSP\src\DSP\oscillators">
      <UniqueIdentifier>{6525f78b-0ef8-407c-8084-ba055e7bfa6c}</UniqueIdentifier>
    </Filter>
    <Filter Include="addons\ofxPDSP\src\DSP\oscillators\antialiased">
      <UniqueIdentifier>{a7405d44-0bdd-4cd2-aa6b-93c89f3c25b3}</UniqueIdentifier>
    </Filter>
    <Filter Include="addons\ofxPDSP\src\DSP\oscillators\antialiased\BLEP">
      <UniqueIdentifier>{f3e96f05-d2a4-4e3f-8c6b-db302689e87b}</UniqueIdentifier>
    </Filter>
    <Filter Include="addons\ofxPDSP\src\DSP\oscillators\base">
      <UniqueIdentifier>{e3e034a5-6f2a-41ef-8a2c-290e56e14ae0}</UniqueIdentifier>
    </Filter>
    <Filter Include="addons\ofxPDSP\src\DSP\oscillators\cheap">
      <UniqueIdentifier>{6b0aab18-ac1c-409e-a185-af7033cab31b}</UniqueIdentifier>
    </Filter>
    <Filter Include="addons\ofxPDSP\src\DSP\oscillators\fm">
      <UniqueIdentifier>{7cde9a68-0305-4623-b760-8097ce5c576a}</UniqueIdentifier>
    </Filter>
    <Filter Include="addons\ofxPDSP\src\DSP\oscillators\phasors">
      <UniqueIdentifier>{37a14e5b-d9ef-43c8-b277-4966f4452ccd}</UniqueIdentifier>
    </Filter>
    <Filter Include="addons\ofxPDSP\src\DSP\oscillators\wavetable">
      <UniqueIdentifier>{87407331-4548-4db5-9c9d-b460996534e1}</UniqueIdentifier>
    </Filter>
    <Filter Include="addons\ofxPDSP\src\DSP\random">
      <UniqueIdentifier>{ab5d6a4e-35c6-4c4d-9804-d5091956fb06}</UniqueIdentifier>
    </Filter>
    <Filter Include="addons\ofxPDSP\src\DSP\resamplers">
      <UniqueIdentifier>{76f0e1c9-c8b4-48af-8fd3-a5cab50e266f}</UniqueIdentifier>
    </Filter>
    <Filter Include="addons\ofxPDSP\src\DSP\samplers">
      <UniqueIdentifier>{b75b01ea-50d1-441f-ae3a-1bc15426c3ce}</UniqueIdentifier>
    </Filter>
    <Filter Include="addons\ofxPDSP\src\DSP\samplers\grain">
      <UniqueIdentifier>{16cccf3f-b20b-4dc8-9dfc-6d516dde8640}</UniqueIdentifier>
    </Filter>
    <Filter Include="addons\ofxPDSP\src\DSP\signal">
      <UniqueIdentifier>{a57dcd7e-3edc-42fa-9345-a5c3b09c6a5f}</UniqueIdentifier>
    </Filter>
    <Filter Include="addons\ofxPDSP\src\DSP\utility">
      <UniqueIdentifier>{aacc7ff6-b92a-4b01-a588-b274c2b0f14d}</UniqueIdentifier>
    </Filter>
    <Filter Include="addons\ofxPDSP\src\math">
      <UniqueIdentifier>{8820b854-8cff-4784-b3fa-a707f509bc3a}</UniqueIdentifier>
    </Filter>
    <Filter Include="addons\ofxPDSP\src\math\dsphelpers">
      <UniqueIdentifier>{3ec4f362-279b-4c72-b3a6-e646693b49d2}</UniqueIdentifier>
    </Filter>
    <Filter Include="addons\ofxPDSP\src\math\fft">
      <UniqueIdentifier>{f82c8c77-9896-4a0f-9f4d-8d822230f11e}</UniqueIdentifier>
    </Filter>
    <Filter Include="addons\ofxPDSP\src\math\interpolation">
      <UniqueIdentifier>{bdf9fc39-7421-4f73-99db-ee4042740d95}</UniqueIdentifier>
    </Filter>
    <Filter Include="addons\ofxPDSP\src\math\random">
      <UniqueIdentifier>{e300233c-5a4a-427b-8b17-e29bff4ed433}</UniqueIdentifier>
    </Filter>
    <Filter Include="addons\ofxPDSP\src\math\simd">
      <UniqueIdentifier>{fe409600-ec4a-463c-8bae-f1cdc423902f}</UniqueIdentifier>
    </Filter>
    <Filter Include="addons\ofxPDSP\src\math\simd\core">
      <UniqueIdentifier>{9871e77f-fbd1-4b71-abee-772afac04ae4}</UniqueIdentifier>
    </Filter>
    <Filter Include="addons\ofxPDSP\src\math\simd\functions">
      <UniqueIdentifier>{c005ecfe-e8bf-43cd-b07a-78a1512ee65a}</UniqueIdentifier>
    </Filter>
    <Filter Include="addons\ofxPDSP\src\math\simd\functions\mathfun">
      <UniqueIdentifier>{d6f12e4b-2642-42a6-9414-87732455b8d4}</UniqueIdentifier>
    </Filter>
    <Filter Include="addons\ofxPDSP\src\math\simd\kernels">
      <UniqueIdentifier>{b09ae7de-0f79-4565-8c7c-39cb363f5e1b}</UniqueIdentifier>
    </Filter>
    <Filter Include="addons\ofxPDSP\src\math\simd\vectors">
      <UniqueIdentifier>{4a033e82-c939-481d-a83e-81abe1e1c919}</UniqueIdentifier>
    </Filter>
    <Filter Include="addons\ofxPDSP\src\math\tables">
      <UniqueIdentifier>{522df067-a706-47a0-ad6d-c9bd9c278521}</UniqueIdentifier>
    </Filter>
    <Filter Include="addons\ofxPDSP\src\math\trig">
      <UniqueIdentifier>{d22aabb1-94a1-47a3-b75c-aedf33a644d4}</UniqueIdentifier>
    </Filter>
    <Filter Include="addons\ofxPDSP\src\messages">
      <UniqueIdentifier>{a0759a78-77cf-4567-a4aa-268f4d115fe7}</UniqueIdentifier>
    </Filter>
    <Filter Include="addons\ofxPDSP\src\modules">
      <UniqueIdentifier>{41ab0761-a99e-4ee7-ba31-214ad40d14c8}</UniqueIdentifier>
    </Filter>
    <Filter Include="addons\ofxPDSP\src\modules\dynamics">
      <UniqueIdentifier>{027c3f86-d20d-4f2f-9f10-28ef186c8cff}</UniqueIdentifier>
    </Filter>
    <Filter Include="addons\ofxPDSP\src\modules\effects">
      <UniqueIdentifier>{322a7c37-01ee-4841-872e-75069186d5a4}</UniqueIdentifier>
    </Filter>
    <Filter Include="addons\ofxPDSP\src\modules\equalizers">
      <UniqueIdentifier>{81370d48-ad54-4512-8fa9-c09c2bfdf1ee}</UniqueIdentifier>
    </Filter>
    <Filter Include="addons\ofxPDSP\src\modules\filters">
      <UniqueIdentifier>{4931e661-6c47-4a21-827f-4b6ff10b2843}</UniqueIdentifier>
    </Filter>
    <Filter Include="addons\ofxPDSP\src\modules\oscillators">
      <UniqueIdentifier>{6d78df56-ca4e-492d-a04c-6ad9a04115a2}</UniqueIdentifier>
    </Filter>
    <Filter Include="addons\ofxPDSP\src\modules\reverbs">
      <UniqueIdentifier>{4615e8b7-2970-43df-a9cf-e2f95a096326}</UniqueIdentifier>
    </Filter>
    <Filter Include="addons\ofxPDSP\src\modules\samplers">
      <UniqueIdentifier>{5f045d18-c4f0-4881-a8d2-3de2c7f3471f}</UniqueIdentifier>
    </Filter>
    <Filter Include="addons\ofxPDSP\src\modules\signal">
      <UniqueIdentifier>{b6b1f646-d951-4f1a-be19-016b83985f7a}</UniqueIdentifier>
    </Filter>
    <Filter Include="addons\ofxPDSP\src\modules\sources">
      <UniqueIdentifier>{4affe177-81e8-4a2b-a853-0a4ed45e15d1}</UniqueIdentifier>
    </Filter>
    <Filter Include="addons\ofxPDSP\src\ofx">
      <UniqueIdentifier>{23c8169e-5b6f-4960-b444-c85f615265e8}</UniqueIdentifier>
    </Filter>
    <Filter Include="addons\ofxPDSP\src\ofx\helper">
      <UniqueIdentifier>{cc0f44f9-7e3b-4e18-807d-b4475142ab3b}</UniqueIdentifier>
    </Filter>
    <Filter Include="addons\ofxPDSP\src\sequencer">
      <UniqueIdentifier>{97e3c78d-9d7b-493e-92e9-597853d66faa}</UniqueIdentifier>
    </Filter>
    <Filter Include="addons\ofxPDSP\libs">
      <UniqueIdentifier>{5f2cb710-4af7-41bb-a065-9cb2a7135427}</UniqueIdentifier>
    </Filter>
    <Filter Include="addons\ofxPDSP\libs\audiofft">
      <UniqueIdentifier>{f5634556-d44f-46ff-986e-06a33a057411}</UniqueIdentifier>
    </Filter>
    <Filter Include="addons\ofxSIMDFloats">
      <UniqueIdentifier>{a44ed0af-2721-4849-a154-636dcfc6bf0f}</UniqueIdentifier>
    </Filter>
    <Filter Include="addons\ofxSIMDFloats\src">
      <UniqueIdentifier>{53f3591f-d454-4a22-9a8f-7baec734ba06}</UniqueIdentifier>
    </Filter>
    <Filter Include="addons\ofxSIMDFloats\src\core">
      <UniqueIdentifier>{7d972aad-51f6-49c7-ad27-49d6a94ec145}</UniqueIdentifier>
    </Filter>
    <Filter Include="addons\ofxSIMDFloats\src\functions">
      <UniqueIdentifier>{bdee8bbe-52d3-4216-9f2f-1da210573b73}</UniqueIdentifier>
    </Filter>
    <Filter Include="addons\ofxSIMDFloats\src\functions\mathfun">
      <UniqueIdentifier>{696c8ca3-fba8-45e2-b7c4-c2c5b375b56c}</UniqueIdentifier>
    </Filter>
    <Filter Include="addons\ofxSIMDFloats\src\kernels">
      <UniqueIdentifier>{a06a9ef6-8504-45ac-b7fa-d9453befcbab}</UniqueIdentifier>
    </Filter>
    <Filter Include="addons\ofxSIMDFloats\src\vectors">
      <UniqueIdentifier>{a59d09ce-a319-4db2-9501-9532ea08485b}</UniqueIdentifier>
    </Filter>
    <Filter Include="addons\ofxAudioFile">
      <UniqueIdentifier>{4ee64f94-4cb7-40cf-ba42-b2c7b054338c}</UniqueIdentifier>
    </Filter>
    <Filter Include="addons\ofxAudioFile\src">
      <UniqueIdentifier>{07ef224a-adf3-44c6-a343-2b93a158d045}</UniqueIdentifier>
    </Filter>
    <Filter Include="addons\ofxAudioFile\libs">
      <UniqueIdentifier>{983134fd-3117-4147-bac0-44897fa89c6f}</UniqueIdentifier>
    </Filter>
  </ItemGroup>
  <ItemGroup>
    <ClInclude Include="src\ofApp.h">
      <Filter>src</Filter>
    </ClInclude>
    <ClInclude Include="..\..\..\..\addons\ofxOsc\src\ofxOsc.h">
      <Filter>addons\ofxOsc\src</Filter>
    </ClInclude>
    <ClInclude Include="..\..\..\..\addons\ofxOsc\src\ofxOscArg.h">
      <Filter>addons\ofxOsc\src</Filter>
    </ClInclude>
    <ClInclude Include="..\..\..\..\addons\ofxOsc\src\ofxOscBundle.h">
      <Filter>addons\ofxOsc\src</Filter>
    </ClInclude>
    <ClInclude Include="..\..\..\..\addons\ofxOsc\src\ofxOscMessage.h">
      <Filter>addons\ofxOsc\src</Filter>
    </ClInclude>
    <ClInclude Include="..\..\..\..\addons\ofxOsc\src\ofxOscParameterSync.h">
      <Filter>addons\ofxOsc\src</Filter>
    </ClInclude>
    <ClInclude Include="..\..\..\..\addons\ofxOsc\src\ofxOscReceiver.h">
      <Filter>addons\ofxOsc\src</Filter>
    </ClInclude>
    <ClInclude Include="..\..\..\..\addons\ofxOsc\src\ofxOscSender.h">
      <Filter>addons\ofxOsc\src</Filter>
    </ClInclude>
    <ClInclude Include="..\..\..\..\addons\ofxOsc\libs\oscpack\src\ip\IpEndpointName.h">
      <Filter>addons\ofxOsc\libs\oscpack\src\ip</Filter>
    </ClInclude>
    <ClInclude Include="..\..\..\..\addons\ofxOsc\libs\oscpack\src\ip\NetworkingUtils.h">
      <Filter>addons\ofxOsc\libs\oscpack\src\ip</Filter>
    </ClInclude>
    <ClInclude Include="..\..\..\..\addons\ofxOsc\libs\oscpack\src\ip\PacketListener.h">
      <Filter>addons\ofxOsc\libs\oscpack\src\ip</Filter>
    </ClInclude>
    <ClInclude Include="..\..\..\..\addons\ofxOsc\libs\oscpack\src\ip\TimerListener.h">
      <Filter>addons\ofxOsc\libs\oscpack\src\ip</Filter>
    </ClInclude>
    <ClInclude Include="..\..\..\..\addons\ofxOsc\libs\oscpack\src\ip\UdpSocket.h">
      <Filter>addons\ofxOsc\libs\oscpack\src\ip</Filter>
    </ClInclude>
    <ClInclude Include="..\..\..\..\addons\ofxOsc\libs\oscpack\src\osc\MessageMappingOscPacketListener.h">
      <Filter>addons\ofxOsc\libs\oscpack\src\osc</Filter>
    </ClInclude>
    <ClInclude Include="..\..\..\..\addons\ofxOsc\libs\oscpack\src\osc\OscException.h">
      <Filter>addons\ofxOsc\libs\oscpack\src\osc</Filter>
    </ClInclude>
    <ClInclude Include="..\..\..\..\addons\ofxOsc\libs\oscpack\src\osc\OscHostEndianness.h">
      <Filter>addons\ofxOsc\libs\oscpack\src\osc</Filter>
    </ClInclude>
    <ClInclude Include="..\..\..\..\addons\ofxOsc\libs\oscpack\src\osc\OscOutboundPacketStream.h">
      <Filter>addons\ofxOsc\libs\oscpack\src\osc</Filter>
    </ClInclude>
    <ClInclude Include="..\..\..\..\addons\ofxOsc\libs\oscpack\src\osc\OscPacketListener.h">
      <Filter>addons\ofxOsc\libs\oscpack\src\osc</Filter>
    </ClInclude>
    <ClInclude Include="..\..\..\..\addons\ofxOsc\libs\oscpack\src\osc\OscPrintReceivedElements.h">
      <Filter>addons\ofxOsc\libs\oscpack\src\osc</Filter>
    </ClInclude>
    <ClInclude Include="..\..\..\..\addons\ofxOsc\libs\oscpack\src\osc\OscReceivedElements.h">
      <Filter>addons\ofxOsc\libs\oscpack\src\osc</Filter>
    </ClInclude>
    <ClInclude Include="..\..\..\..\addons\ofxOsc\libs\oscpack\src\osc\OscTypes.h">
      <Filter>addons\ofxOsc\libs\oscpack\src\osc</Filter>
    </ClInclude>
    <ClInclude Include="..\..\..\..\addons\ofxImGui\src\BaseEngine.h">
      <Filter>addons\ofxImGui\src</Filter>
    </ClInclude>
    <ClInclude Include="..\..\..\..\addons\ofxImGui\src\BaseTheme.h">
      <Filter>addons\ofxImGui\src</Filter>
    </ClInclude>
    <ClInclude Include="..\..\..\..\addons\ofxImGui\src\DefaultTheme.h">
      <Filter>addons\ofxImGui\src</Filter>
    </ClInclude>
    <ClInclude Include="..\..\..\..\addons\ofxImGui\src\EngineGLFW.h">
      <Filter>addons\ofxImGui\src</Filter>
    </ClInclude>
    <ClInclude Include="..\..\..\..\addons\ofxImGui\src\EngineOpenGLES.h">
      <Filter>addons\ofxImGui\src</Filter>
    </ClInclude>
    <ClInclude Include="..\..\..\..\addons\ofxImGui\src\EngineVk.h">
      <Filter>addons\ofxImGui\src</Filter>
    </ClInclude>
    <ClInclude Include="..\..\..\..\addons\ofxImGui\src\Gui.h">
      <Filter>addons\ofxImGui\src</Filter>
    </ClInclude>
    <ClInclude Include="..\..\..\..\addons\ofxImGui\src\Helpers.h">
      <Filter>addons\ofxImGui\src</Filter>
    </ClInclude>
    <ClInclude Include="..\..\..\..\addons\ofxImGui\src\imconfig.h">
      <Filter>addons\ofxImGui\src</Filter>
    </ClInclude>
    <ClInclude Include="..\..\..\..\addons\ofxImGui\src\ofxImGui.h">
      <Filter>addons\ofxImGui\src</Filter>
    </ClInclude>
    <ClInclude Include="..\..\..\..\addons\ofxImGui\src\ofxImGuiLoggerChannel.h">
      <Filter>addons\ofxImGui\src</Filter>
    </ClInclude>
    <ClInclude Include="..\..\..\..\addons\ofxImGui\libs\imgui\src\imgui.h">
      <Filter>addons\ofxImGui\libs\imgui\src</Filter>
    </ClInclude>
    <ClInclude Include="..\..\..\..\addons\ofxImGui\libs\imgui\src\imgui_internal.h">
      <Filter>addons\ofxImGui\libs\imgui\src</Filter>
    </ClInclude>
    <ClInclude Include="..\..\..\..\addons\ofxImGui\libs\imgui\src\imstb_rectpack.h">
      <Filter>addons\ofxImGui\libs\imgui\src</Filter>
    </ClInclude>
    <ClInclude Include="..\..\..\..\addons\ofxImGui\libs\imgui\src\imstb_textedit.h">
      <Filter>addons\ofxImGui\libs\imgui\src</Filter>
    </ClInclude>
    <ClInclude Include="..\..\..\..\addons\ofxImGui\libs\imgui\src\imstb_truetype.h">
      <Filter>addons\ofxImGui\libs\imgui\src</Filter>
    </ClInclude>
    <ClInclude Include="..\..\..\..\addons\ofxMidi\src\ofxBaseMidi.h">
      <Filter>addons\ofxMidi\src</Filter>
    </ClInclude>
    <ClInclude Include="..\..\..\..\addons\ofxMidi\src\ofxMidi.h">
      <Filter>addons\ofxMidi\src</Filter>
    </ClInclude>
    <ClInclude Include="..\..\..\..\addons\ofxMidi\src\ofxMidiClock.h">
      <Filter>addons\ofxMidi\src</Filter>
    </ClInclude>
    <ClInclude Include="..\..\..\..\addons\ofxMidi\src\ofxMidiConstants.h">
      <Filter>addons\ofxMidi\src</Filter>
    </ClInclude>
    <ClInclude Include="..\..\..\..\addons\ofxMidi\src\ofxMidiIn.h">
      <Filter>addons\ofxMidi\src</Filter>
    </ClInclude>
    <ClInclude Include="..\..\..\..\addons\ofxMidi\src\ofxMidiMessage.h">
      <Filter>addons\ofxMidi\src</Filter>
    </ClInclude>
    <ClInclude Include="..\..\..\..\addons\ofxMidi\src\ofxMidiOut.h">
      <Filter>addons\ofxMidi\src</Filter>
    </ClInclude>
    <ClInclude Include="..\..\..\..\addons\ofxMidi\src\ofxMidiTimecode.h">
      <Filter>addons\ofxMidi\src</Filter>
    </ClInclude>
    <ClInclude Include="..\..\..\..\addons\ofxMidi\src\ofxMidiTypes.h">
      <Filter>addons\ofxMidi\src</Filter>
    </ClInclude>
    <ClInclude Include="..\..\..\..\addons\ofxMidi\src\desktop\ofxRtMidiIn.h">
      <Filter>addons\ofxMidi\src\desktop</Filter>
    </ClInclude>
    <ClInclude Include="..\..\..\..\addons\ofxMidi\src\desktop\ofxRtMidiOut.h">
      <Filter>addons\ofxMidi\src\desktop</Filter>
    </ClInclude>
    <ClInclude Include="..\..\..\..\addons\ofxMidi\src\ios\ofxPGMidiContext.h">
      <Filter>addons\ofxMidi\src\ios</Filter>
    </ClInclude>
    <ClInclude Include="..\..\..\..\addons\ofxMidi\src\ios\ofxPGMidiDelegate.h">
      <Filter>addons\ofxMidi\src\ios</Filter>
    </ClInclude>
    <ClInclude Include="..\..\..\..\addons\ofxMidi\src\ios\ofxPGMidiIn.h">
      <Filter>addons\ofxMidi\src\ios</Filter>
    </ClInclude>
    <ClInclude Include="..\..\..\..\addons\ofxMidi\src\ios\ofxPGMidiOut.h">
      <Filter>addons\ofxMidi\src\ios</Filter>
    </ClInclude>
    <ClInclude Include="..\..\..\..\addons\ofxMidi\src\ios\ofxPGMidiSourceDelegate.h">
      <Filter>addons\ofxMidi\src\ios</Filter>
    </ClInclude>
    <ClInclude Include="..\..\..\..\addons\ofxMidi\libs\pgmidi\iOSVersionDetection.h">
      <Filter>addons\ofxMidi\libs\pgmidi</Filter>
    </ClInclude>
    <ClInclude Include="..\..\..\..\addons\ofxMidi\libs\pgmidi\PGArc.h">
      <Filter>addons\ofxMidi\libs\pgmidi</Filter>
    </ClInclude>
    <ClInclude Include="..\..\..\..\addons\ofxMidi\libs\pgmidi\PGMidi.h">
      <Filter>addons\ofxMidi\libs\pgmidi</Filter>
    </ClInclude>
    <ClInclude Include="..\..\..\..\addons\ofxMidi\libs\pgmidi\PGMidiAllSources.h">
      <Filter>addons\ofxMidi\libs\pgmidi</Filter>
    </ClInclude>
    <ClInclude Include="..\..\..\..\addons\ofxMidi\libs\pgmidi\PGMidiFind.h">
      <Filter>addons\ofxMidi\libs\pgmidi</Filter>
    </ClInclude>
    <ClInclude Include="..\..\..\..\addons\ofxMidi\libs\rtmidi\RtMidi.h">
      <Filter>addons\ofxMidi\libs\rtmidi</Filter>
    </ClInclude>
    <ClInclude Include="..\..\..\..\addons\ofxPDSP\src\flags.h">
      <Filter>addons\ofxPDSP\src</Filter>
    </ClInclude>
    <ClInclude Include="..\..\..\..\addons\ofxPDSP\src\ofxPDSP.h">
      <Filter>addons\ofxPDSP\src</Filter>
    </ClInclude>
    <ClInclude Include="..\..\..\..\addons\ofxPDSP\src\ofxPDSPLegacy.h">
      <Filter>addons\ofxPDSP\src</Filter>
    </ClInclude>
    <ClInclude Include="..\..\..\..\addons\ofxPDSP\src\types.h">
      <Filter>addons\ofxPDSP\src</Filter>
    </ClInclude>
    <ClInclude Include="..\..\..\..\addons\ofxPDSP\src\DSP\header.h">
      <Filter>addons\ofxPDSP\src\DSP</Filter>
    </ClInclude>
    <ClInclude Include="..\..\..\..\addons\ofxPDSP\src\DSP\pdspConstants.h">
      <Filter>addons\ofxPDSP\src\DSP</Filter>
    </ClInclude>
    <ClInclude Include="..\..\..\..\addons\ofxPDSP\src\DSP\pdspCore.h">
      <Filter>addons\ofxPDSP\src\DSP</Filter>
    </ClInclude>
    <ClInclude Include="..\..\..\..\addons\ofxPDSP\src\DSP\pdspFunctions.h">
      <Filter>addons\ofxPDSP\src\DSP</Filter>
    </ClInclude>
    <ClInclude Include="..\..\..\..\addons\ofxPDSP\src\DSP\control\SequencerBridge.h">
      <Filter>addons\ofxPDSP\src\DSP\control</Filter>
    </ClInclude>
    <ClInclude Include="..\..\..\..\addons\ofxPDSP\src\DSP\control\SequencerGateOutput.h">
      <Filter>addons\ofxPDSP\src\DSP\control</Filter>
    </ClInclude>
    <ClInclude Include="..\..\..\..\addons\ofxPDSP\src\DSP\control\SequencerValueOutput.h">
      <Filter>addons\ofxPDSP\src\DSP\control</Filter>
    </ClInclude>
    <ClInclude Include="..\..\..\..\addons\ofxPDSP\src\DSP\control\ToGateTrigger.h">
      <Filter>addons\ofxPDSP\src\DSP\control</Filter>
    </ClInclude>
    <ClInclude Include="..\..\..\..\addons\ofxPDSP\src\DSP\control\TriggerControl.h">
      <Filter>addons\ofxPDSP\src\DSP\control</Filter>
    </ClInclude>
    <ClInclude Include="..\..\..\..\addons\ofxPDSP\src\DSP\control\TriggerGeiger.h">
      <Filter>addons\ofxPDSP\src\DSP\control</Filter>
    </ClInclude>
    <ClInclude Include="..\..\..\..\addons\ofxPDSP\src\DSP\control\ValueControl.h">
      <Filter>addons\ofxPDSP\src\DSP\control</Filter>
    </ClInclude>
    <ClInclude Include="..\..\..\..\addons\ofxPDSP\src\DSP\convolution\FDLConvolver.h">
      <Filter>addons\ofxPDSP\src\DSP\convolution</Filter>
    </ClInclude>
    <ClInclude Include="..\..\..\..\addons\ofxPDSP\src\DSP\core\Amp.h">
      <Filter>addons\ofxPDSP\src\DSP\core</Filter>
    </ClInclude>
    <ClInclude Include="..\..\..\..\addons\ofxPDSP\src\DSP\core\BasicNodes.h">
      <Filter>addons\ofxPDSP\src\DSP\core</Filter>
    </ClInclude>
    <ClInclude Include="..\..\..\..\addons\ofxPDSP\src\DSP\core\BufferShell.h">
      <Filter>addons\ofxPDSP\src\DSP\core</Filter>
    </ClInclude>
    <ClInclude Include="..\..\..\..\addons\ofxPDSP\src\DSP\core\ExternalInput.h">
      <Filter>addons\ofxPDSP\src\DSP\core</Filter>
    </ClInclude>
    <ClInclude Include="..\..\..\..\addons\ofxPDSP\src\DSP\core\Formula.h">
      <Filter>addons\ofxPDSP\src\DSP\core</Filter>
    </ClInclude>
    <ClInclude Include="..\..\..\..\addons\ofxPDSP\src\DSP\core\leftSum.h">
      <Filter>addons\ofxPDSP\src\DSP\core</Filter>
    </ClInclude>
    <ClInclude Include="..\..\..\..\addons\ofxPDSP\src\DSP\core\operators.h">
      <Filter>addons\ofxPDSP\src\DSP\core</Filter>
    </ClInclude>
    <ClInclude Include="..\..\..\..\addons\ofxPDSP\src\DSP\core\PatchNode.h">
      <Filter>addons\ofxPDSP\src\DSP\core</Filter>
    </ClInclude>
    <ClInclude Include="..\..\..\..\addons\ofxPDSP\src\DSP\core\Preparable.h">
      <Filter>addons\ofxPDSP\src\DSP\core</Filter>
    </ClInclude>
    <ClInclude Include="..\..\..\..\addons\ofxPDSP\src\DSP\core\Processor.h">
      <Filter>addons\ofxPDSP\src\DSP\core</Filter>
    </ClInclude>
    <ClInclude Include="..\..\..\..\addons\ofxPDSP\src\DSP\core\Switch.h">
      <Filter>addons\ofxPDSP\src\DSP\core</Filter>
    </ClInclude>
    <ClInclude Include="..\..\..\..\addons\ofxPDSP\src\DSP\delays\AllPassDelay.h">
      <Filter>addons\ofxPDSP\src\DSP\delays</Filter>
    </ClInclude>
    <ClInclude Include="..\..\..\..\addons\ofxPDSP\src\DSP\delays\Delay.h">
      <Filter>addons\ofxPDSP\src\DSP\delays</Filter>
    </ClInclude>
    <ClInclude Include="..\..\..\..\addons\ofxPDSP\src\DSP\delays\SRDelay.h">
      <Filter>addons\ofxPDSP\src\DSP\delays</Filter>
    </ClInclude>
    <ClInclude Include="..\..\..\..\addons\ofxPDSP\src\DSP\dynamics\AbsoluteValue.h">
      <Filter>addons\ofxPDSP\src\DSP\dynamics</Filter>
    </ClInclude>
    <ClInclude Include="..\..\..\..\addons\ofxPDSP\src\DSP\dynamics\EnvelopeFollower.h">
      <Filter>addons\ofxPDSP\src\DSP\dynamics</Filter>
    </ClInclude>
    <ClInclude Include="..\..\..\..\addons\ofxPDSP\src\DSP\dynamics\GainComputer.h">
      <Filter>addons\ofxPDSP\src\DSP\dynamics</Filter>
    </ClInclude>
    <ClInclude Include="..\..\..\..\addons\ofxPDSP\src\DSP\dynamics\LHDelay.h">
      <Filter>addons\ofxPDSP\src\DSP\dynamics</Filter>
    </ClInclude>
    <ClInclude Include="..\..\..\..\addons\ofxPDSP\src\DSP\dynamics\PositiveValue.h">
      <Filter>addons\ofxPDSP\src\DSP\dynamics</Filter>
    </ClInclude>
    <ClInclude Include="..\..\..\..\addons\ofxPDSP\src\DSP\dynamics\RMSDetector.h">
      <Filter>addons\ofxPDSP\src\DSP\dynamics</Filter>
    </ClInclude>
    <ClInclude Include="..\..\..\..\addons\ofxPDSP\src\DSP\dynamics\SquarePeakDetector.h">
      <Filter>addons\ofxPDSP\src\DSP\dynamics</Filter>
    </ClInclude>
    <ClInclude Include="..\..\..\..\addons\ofxPDSP\src\DSP\envelopes\ADSR.h">
      <Filter>addons\ofxPDSP\src\DSP\envelopes</Filter>
    </ClInclude>
    <ClInclude Include="..\..\..\..\addons\ofxPDSP\src\DSP\envelopes\AHR.h">
      <Filter>addons\ofxPDSP\src\DSP\envelopes</Filter>
    </ClInclude>
    <ClInclude Include="..\..\..\..\addons\ofxPDSP\src\DSP\envelopes\stages\AttackStage.h">
      <Filter>addons\ofxPDSP\src\DSP\envelopes\stages</Filter>
    </ClInclude>
    <ClInclude Include="..\..\..\..\addons\ofxPDSP\src\DSP\envelopes\stages\DecayStage.h">
      <Filter>addons\ofxPDSP\src\DSP\envelopes\stages</Filter>
    </ClInclude>
    <ClInclude Include="..\..\..\..\addons\ofxPDSP\src\DSP\envelopes\stages\EnvelopeStage.h">
      <Filter>addons\ofxPDSP\src\DSP\envelopes\stages</Filter>
    </ClInclude>
    <ClInclude Include="..\..\..\..\addons\ofxPDSP\src\DSP\envelopes\stages\HoldStage.h">
      <Filter>addons\ofxPDSP\src\DSP\envelopes\stages</Filter>
    </ClInclude>
    <ClInclude Include="..\..\..\..\addons\ofxPDSP\src\DSP\envelopes\stages\ReleaseStage.h">
      <Filter>addons\ofxPDSP\src\DSP\envelopes\stages</Filter>
    </ClInclude>
    <ClInclude Include="..\..\..\..\addons\ofxPDSP\src\DSP\envelopes\stages\RiseStage.h">
      <Filter>addons\ofxPDSP\src\DSP\envelopes\stages</Filter>
    </ClInclude>
    <ClInclude Include="..\..\..\..\addons\ofxPDSP\src\DSP\envelopes\stages\SustainStage.h">
      <Filter>addons\ofxPDSP\src\DSP\envelopes\stages</Filter>
    </ClInclude>
    <ClInclude Include="..\..\..\..\addons\ofxPDSP\src\DSP\filters\APF1.h">
      <Filter>addons\ofxPDSP\src\DSP\filters</Filter>
    </ClInclude>
    <ClInclude Include="..\..\..\..\addons\ofxPDSP\src\DSP\filters\APF4.h">
      <Filter>addons\ofxPDSP\src\DSP\filters</Filter>
    </ClInclude>
    <ClInclude Include="..\..\..\..\addons\ofxPDSP\src\DSP\filters\MultiLadder4.h">
      <Filter>addons\ofxPDSP\src\DSP\filters</Filter>
    </ClInclude>
    <ClInclude Include="..\..\..\..\addons\ofxPDSP\src\DSP\filters\OnePole.h">
      <Filter>addons\ofxPDSP\src\DSP\filters</Filter>
    </ClInclude>
    <ClInclude Include="..\..\..\..\addons\ofxPDSP\src\DSP\filters\SVF2.h">
      <Filter>addons\ofxPDSP\src\DSP\filters</Filter>
    </ClInclude>
    <ClInclude Include="..\..\..\..\addons\ofxPDSP\src\DSP\filters\biquads\BiquadBase.h">
      <Filter>addons\ofxPDSP\src\DSP\filters\biquads</Filter>
    </ClInclude>
    <ClInclude Include="..\..\..\..\addons\ofxPDSP\src\DSP\filters\biquads\BiquadHighShelf.h">
      <Filter>addons\ofxPDSP\src\DSP\filters\biquads</Filter>
    </ClInclude>
    <ClInclude Include="..\..\..\..\addons\ofxPDSP\src\DSP\filters\biquads\BiquadHPF2.h">
      <Filter>addons\ofxPDSP\src\DSP\filters\biquads</Filter>
    </ClInclude>
    <ClInclude Include="..\..\..\..\addons\ofxPDSP\src\DSP\filters\biquads\BiquadLowShelf.h">
      <Filter>addons\ofxPDSP\src\DSP\filters\biquads</Filter>
    </ClInclude>
    <ClInclude Include="..\..\..\..\addons\ofxPDSP\src\DSP\filters\biquads\BiquadLPF2.h">
      <Filter>addons\ofxPDSP\src\DSP\filters\biquads</Filter>
    </ClInclude>
    <ClInclude Include="..\..\..\..\addons\ofxPDSP\src\DSP\filters\biquads\BiquadPeakEQ.h">
      <Filter>addons\ofxPDSP\src\DSP\filters\biquads</Filter>
    </ClInclude>
    <ClInclude Include="..\..\..\..\addons\ofxPDSP\src\DSP\helpers\FFTWorker.h">
      <Filter>addons\ofxPDSP\src\DSP\helpers</Filter>
    </ClInclude>
    <ClInclude Include="..\..\..\..\addons\ofxPDSP\src\DSP\helpers\UsesSlew.h">
      <Filter>addons\ofxPDSP\src\DSP\helpers</Filter>
    </ClInclude>
    <ClInclude Include="..\..\..\..\addons\ofxPDSP\src\DSP\oscillators\antialiased\BLEPSaw.h">
      <Filter>addons\ofxPDSP\src\DSP\oscillators\antialiased</Filter>
    </ClInclude>
    <ClInclude Include="..\..\..\..\addons\ofxPDSP\src\DSP\oscillators\antialiased\DPWTri.h">
      <Filter>addons\ofxPDSP\src\DSP\oscillators\antialiased</Filter>
    </ClInclude>
    <ClInclude Include="..\..\..\..\addons\ofxPDSP\src\DSP\oscillators\antialiased\BLEP\BLEPBased.h">
      <Filter>addons\ofxPDSP\src\DSP\oscillators\antialiased\BLEP</Filter>
    </ClInclude>
    <ClInclude Include="..\..\..\..\addons\ofxPDSP\src\DSP\oscillators\antialiased\BLEP\BLEPFunc.h">
      <Filter>addons\ofxPDSP\src\DSP\oscillators\antialiased\BLEP</Filter>
    </ClInclude>
    <ClInclude Include="..\..\..\..\addons\ofxPDSP\src\DSP\oscillators\antialiased\BLEP\BLEPTable.h">
      <Filter>addons\ofxPDSP\src\DSP\oscillators\antialiased\BLEP</Filter>
    </ClInclude>
    <ClInclude Include="..\..\..\..\addons\ofxPDSP\src\DSP\oscillators\base\Oscillator.h">
      <Filter>addons\ofxPDSP\src\DSP\oscillators\base</Filter>
    </ClInclude>
    <ClInclude Include="..\..\..\..\addons\ofxPDSP\src\DSP\oscillators\base\OscillatorVariShape.h">
      <Filter>addons\ofxPDSP\src\DSP\oscillators\base</Filter>
    </ClInclude>
    <ClInclude Include="..\..\..\..\addons\ofxPDSP\src\DSP\oscillators\cheap\CheapPulse.h">
      <Filter>addons\ofxPDSP\src\DSP\oscillators\cheap</Filter>
    </ClInclude>
    <ClInclude Include="..\..\..\..\addons\ofxPDSP\src\DSP\oscillators\cheap\CheapSaw.h">
      <Filter>addons\ofxPDSP\src\DSP\oscillators\cheap</Filter>
    </ClInclude>
    <ClInclude Include="..\..\..\..\addons\ofxPDSP\src\DSP\oscillators\cheap\CheapSine.h">
      <Filter>addons\ofxPDSP\src\DSP\oscillators\cheap</Filter>
    </ClInclude>
    <ClInclude Include="..\..\..\..\addons\ofxPDSP\src\DSP\oscillators\cheap\CheapTri.h">
      <Filter>addons\ofxPDSP\src\DSP\oscillators\cheap</Filter>
    </ClInclude>
    <ClInclude Include="..\..\..\..\addons\ofxPDSP\src\DSP\oscillators\fm\SineFB.h">
      <Filter>addons\ofxPDSP\src\DSP\oscillators\fm</Filter>
    </ClInclude>
    <ClInclude Include="..\..\..\..\addons\ofxPDSP\src\DSP\oscillators\phasors\ClockedPhasor.h">
      <Filter>addons\ofxPDSP\src\DSP\oscillators\phasors</Filter>
    </ClInclude>
    <ClInclude Include="..\..\..\..\addons\ofxPDSP\src\DSP\oscillators\phasors\LFOPhasor.h">
      <Filter>addons\ofxPDSP\src\DSP\oscillators\phasors</Filter>
    </ClInclude>
    <ClInclude Include="..\..\..\..\addons\ofxPDSP\src\DSP\oscillators\phasors\PhasorShifter.h">
      <Filter>addons\ofxPDSP\src\DSP\oscillators\phasors</Filter>
    </ClInclude>
    <ClInclude Include="..\..\..\..\addons\ofxPDSP\src\DSP\oscillators\phasors\PMPhasor.h">
      <Filter>addons\ofxPDSP\src\DSP\oscillators\phasors</Filter>
    </ClInclude>
    <ClInclude Include="..\..\..\..\addons\ofxPDSP\src\DSP\oscillators\wavetable\DataOsc.h">
      <Filter>addons\ofxPDSP\src\DSP\oscillators\wavetable</Filter>
    </ClInclude>
    <ClInclude Include="..\..\..\..\addons\ofxPDSP\src\DSP\oscillators\wavetable\DataTable.h">
      <Filter>addons\ofxPDSP\src\DSP\oscillators\wavetable</Filter>
    </ClInclude>
    <ClInclude Include="..\..\..\..\addons\ofxPDSP\src\DSP\oscillators\wavetable\WaveTable.h">
      <Filter>addons\ofxPDSP\src\DSP\oscillators\wavetable</Filter>
    </ClInclude>
    <ClInclude Include="..\..\..\..\addons\ofxPDSP\src\DSP\oscillators\wavetable\WaveTableOsc.h">
      <Filter>addons\ofxPDSP\src\DSP\oscillators\wavetable</Filter>
    </ClInclude>
    <ClInclude Include="..\..\..\..\addons\ofxPDSP\src\DSP\random\TriggeredRandom.h">
      <Filter>addons\ofxPDSP\src\DSP\random</Filter>
    </ClInclude>
    <ClInclude Include="..\..\..\..\addons\ofxPDSP\src\DSP\random\WhiteNoise.h">
      <Filter>addons\ofxPDSP\src\DSP\random</Filter>
    </ClInclude>
    <ClInclude Include="..\..\..\..\addons\ofxPDSP\src\DSP\resamplers\BandLimit.h">
      <Filter>addons\ofxPDSP\src\DSP\resamplers</Filter>
    </ClInclude>
    <ClInclude Include="..\..\..\..\addons\ofxPDSP\src\DSP\resamplers\DownSampler.h">
      <Filter>addons\ofxPDSP\src\DSP\resamplers</Filter>
    </ClInclude>
    <ClInclude Include="..\..\..\..\addons\ofxPDSP\src\DSP\resamplers\IIRDownSampler2x.h">
      <Filter>addons\ofxPDSP\src\DSP\resamplers</Filter>
    </ClInclude>
    <ClInclude Include="..\..\..\..\addons\ofxPDSP\src\DSP\resamplers\IIRUpSampler2x.h">
      <Filter>addons\ofxPDSP\src\DSP\resamplers</Filter>
    </ClInclude>
    <ClInclude Include="..\..\..\..\addons\ofxPDSP\src\DSP\resamplers\resamplers.h">
      <Filter>addons\ofxPDSP\src\DSP\resamplers</Filter>
    </ClInclude>
    <ClInclude Include="..\..\..\..\addons\ofxPDSP\src\DSP\resamplers\UpSampler.h">
      <Filter>addons\ofxPDSP\src\DSP\resamplers</Filter>
    </ClInclude>
    <ClInclude Include="..\..\..\..\addons\ofxPDSP\src\DSP\resamplers\ZeroDownSampler.h">
      <Filter>addons\ofxPDSP\src\DSP\resamplers</Filter>
    </ClInclude>
    <ClInclude Include="..\..\..\..\addons\ofxPDSP\src\DSP\resamplers\ZeroUpSampler.h">
      <Filter>addons\ofxPDSP\src\DSP\resamplers</Filter>
    </ClInclude>
    <ClInclude Include="..\..\..\..\addons\ofxPDSP\src\DSP\samplers\GrainWindow.h">
      <Filter>addons\ofxPDSP\src\DSP\samplers</Filter>
    </ClInclude>
    <ClInclude Include="..\..\..\..\addons\ofxPDSP\src\DSP\samplers\SampleBuffer.h">
      <Filter>addons\ofxPDSP\src\DSP\samplers</Filter>
    </ClInclude>
    <ClInclude Include="..\..\..\..\addons\ofxPDSP\src\DSP\samplers\Sampler.h">
      <Filter>addons\ofxPDSP\src\DSP\samplers</Filter>
    </ClInclude>
    <ClInclude Include="..\..\..\..\addons\ofxPDSP\src\DSP\samplers\grain\GrainBased.h">
      <Filter>addons\ofxPDSP\src\DSP\samplers\grain</Filter>
    </ClInclude>
    <ClInclude Include="..\..\..\..\addons\ofxPDSP\src\DSP\samplers\grain\GrainTable.h">
      <Filter>addons\ofxPDSP\src\DSP\samplers\grain</Filter>
    </ClInclude>
    <ClInclude Include="..\..\..\..\addons\ofxPDSP\src\DSP\signal\Bitcruncher.h">
      <Filter>addons\ofxPDSP\src\DSP\signal</Filter>
    </ClInclude>
    <ClInclude Include="..\..\..\..\addons\ofxPDSP\src\DSP\signal\Decimator.h">
      <Filter>addons\ofxPDSP\src\DSP\signal</Filter>
    </ClInclude>
    <ClInclude Include="..\..\..\..\addons\ofxPDSP\src\DSP\signal\SampleAndHold.h">
      <Filter>addons\ofxPDSP\src\DSP\signal</Filter>
    </ClInclude>
    <ClInclude Include="..\..\..\..\addons\ofxPDSP\src\DSP\signal\Saturator1.h">
      <Filter>addons\ofxPDSP\src\DSP\signal</Filter>
    </ClInclude>
    <ClInclude Include="..\..\..\..\addons\ofxPDSP\src\DSP\signal\Saturator2.h">
      <Filter>addons\ofxPDSP\src\DSP\signal</Filter>
    </ClInclude>
    <ClInclude Include="..\..\..\..\addons\ofxPDSP\src\DSP\signal\SoftClip.h">
      <Filter>addons\ofxPDSP\src\DSP\signal</Filter>
    </ClInclude>
    <ClInclude Include="..\..\..\..\addons\ofxPDSP\src\DSP\utility\BipolarToUnipolar.h">
      <Filter>addons\ofxPDSP\src\DSP\utility</Filter>
    </ClInclude>
    <ClInclude Include="..\..\..\..\addons\ofxPDSP\src\DSP\utility\DBtoLin.h">
      <Filter>addons\ofxPDSP\src\DSP\utility</Filter>
    </ClInclude>
    <ClInclude Include="..\..\..\..\addons\ofxPDSP\src\DSP\utility\FreqToMs.h">
      <Filter>addons\ofxPDSP\src\DSP\utility</Filter>
    </ClInclude>
    <ClInclude Include="..\..\..\..\addons\ofxPDSP\src\DSP\utility\LinToDB.h">
      <Filter>addons\ofxPDSP\src\DSP\utility</Filter>
    </ClInclude>
    <ClInclude Include="..\..\..\..\addons\ofxPDSP\src\DSP\utility\MaxValue.h">
      <Filter>addons\ofxPDSP\src\DSP\utility</Filter>
    </ClInclude>
    <ClInclude Include="..\..\..\..\addons\ofxPDSP\src\DSP\utility\OneBarTimeMs.h">
      <Filter>addons\ofxPDSP\src\DSP\utility</Filter>
    </ClInclude>
    <ClInclude Include="..\..\..\..\addons\ofxPDSP\src\DSP\utility\OneMinusInput.h">
      <Filter>addons\ofxPDSP\src\DSP\utility</Filter>
    </ClInclude>
    <ClInclude Include="..\..\..\..\addons\ofxPDSP\src\DSP\utility\PitchToFreq.h">
      <Filter>addons\ofxPDSP\src\DSP\utility</Filter>
    </ClInclude>
    <ClInclude Include="..\..\..\..\addons\ofxPDSP\src\DSP\utility\SamplesDelay.h">
      <Filter>addons\ofxPDSP\src\DSP\utility</Filter>
    </ClInclude>
    <ClInclude Include="..\..\..\..\addons\ofxPDSP\src\math\functions.h">
      <Filter>addons\ofxPDSP\src\math</Filter>
    </ClInclude>
    <ClInclude Include="..\..\..\..\addons\ofxPDSP\src\math\header.h">
      <Filter>addons\ofxPDSP\src\math</Filter>
    </ClInclude>
    <ClInclude Include="..\..\..\..\addons\ofxPDSP\src\math\dsphelpers\calculateGainReduction.h">
      <Filter>addons\ofxPDSP\src\math\dsphelpers</Filter>
    </ClInclude>
    <ClInclude Include="..\..\..\..\addons\ofxPDSP\src\math\dsphelpers\genPulse.h">
      <Filter>addons\ofxPDSP\src\math\dsphelpers</Filter>
    </ClInclude>
    <ClInclude Include="..\..\..\..\addons\ofxPDSP\src\math\dsphelpers\genSaw.h">
      <Filter>addons\ofxPDSP\src\math\dsphelpers</Filter>
    </ClInclude>
    <ClInclude Include="..\..\..\..\addons\ofxPDSP\src\math\dsphelpers\genTriangle.h">
      <Filter>addons\ofxPDSP\src\math\dsphelpers</Filter>
    </ClInclude>
    <ClInclude Include="..\..\..\..\addons\ofxPDSP\src\math\dsphelpers\incrementCalculator.h">
      <Filter>addons\ofxPDSP\src\math\dsphelpers</Filter>
    </ClInclude>
    <ClInclude Include="..\..\..\..\addons\ofxPDSP\src\math\dsphelpers\nonlinear1.h">
      <Filter>addons\ofxPDSP\src\math\dsphelpers</Filter>
    </ClInclude>
    <ClInclude Include="..\..\..\..\addons\ofxPDSP\src\math\dsphelpers\phazorShifter.h">
      <Filter>addons\ofxPDSP\src\math\dsphelpers</Filter>
    </ClInclude>
    <ClInclude Include="..\..\..\..\addons\ofxPDSP\src\math\dsphelpers\sanity_check.h">
      <Filter>addons\ofxPDSP\src\math\dsphelpers</Filter>
    </ClInclude>
    <ClInclude Include="..\..\..\..\addons\ofxPDSP\src\math\dsphelpers\warpCutoff.h">
      <Filter>addons\ofxPDSP\src\math\dsphelpers</Filter>
    </ClInclude>
    <ClInclude Include="..\..\..\..\addons\ofxPDSP\src\math\fft\complex_mult_add.h">
      <Filter>addons\ofxPDSP\src\math\fft</Filter>
    </ClInclude>
    <ClInclude Include="..\..\..\..\addons\ofxPDSP\src\math\fft\include_audiofft.h">
      <Filter>addons\ofxPDSP\src\math\fft</Filter>
    </ClInclude>
    <ClInclude Include="..\..\..\..\addons\ofxPDSP\src\math\interpolation\cosine.h">
      <Filter>addons\ofxPDSP\src\math\interpolation</Filter>
    </ClInclude>
    <ClInclude Include="..\..\..\..\addons\ofxPDSP\src\math\interpolation\hermite.h">
      <Filter>addons\ofxPDSP\src\math\interpolation</Filter>
    </ClInclude>
    <ClInclude Include="..\..\..\..\addons\ofxPDSP\src\math\interpolation\linear.h">
      <Filter>addons\ofxPDSP\src\math\interpolation</Filter>
    </ClInclude>
    <ClInclude Include="..\..\..\..\addons\ofxPDSP\src\math\interpolation\smooth.h">
      <Filter>addons\ofxPDSP\src\math\interpolation</Filter>
    </ClInclude>
    <ClInclude Include="..\..\..\..\addons\ofxPDSP\src\math\random\random.h">
      <Filter>addons\ofxPDSP\src\math\random</Filter>
    </ClInclude>
    <ClInclude Include="..\..\..\..\addons\ofxPDSP\src\math\simd\functions.h">
      <Filter>addons\ofxPDSP\src\math\simd</Filter>
    </ClInclude>
    <ClInclude Include="..\..\..\..\addons\ofxPDSP\src\math\simd\header.h">
      <Filter>addons\ofxPDSP\src\math\simd</Filter>
    </ClInclude>
    <ClInclude Include="..\..\..\..\addons\ofxPDSP\src\math\simd\core\activate.h">
      <Filter>addons\ofxPDSP\src\math\simd\core</Filter>
    </ClInclude>
    <ClInclude Include="..\..\..\..\addons\ofxPDSP\src\math\simd\core\allocator.h">
      <Filter>addons\ofxPDSP\src\math\simd\core</Filter>
    </ClInclude>
    <ClInclude Include="..\..\..\..\addons\ofxPDSP\src\math\simd\core\flags.h">
      <Filter>addons\ofxPDSP\src\math\simd\core</Filter>
    </ClInclude>
    <ClInclude Include="..\..\..\..\addons\ofxPDSP\src\math\simd\core\inlines.h">
      <Filter>addons\ofxPDSP\src\math\simd\core</Filter>
    </ClInclude>
    <ClInclude Include="..\..\..\..\addons\ofxPDSP\src\math\simd\functions\floor.h">
      <Filter>addons\ofxPDSP\src\math\simd\functions</Filter>
    </ClInclude>
    <ClInclude Include="..\..\..\..\addons\ofxPDSP\src\math\simd\functions\mathfun.h">
      <Filter>addons\ofxPDSP\src\math\simd\functions</Filter>
    </ClInclude>
    <ClInclude Include="..\..\..\..\addons\ofxPDSP\src\math\simd\functions\simd_wrapper.h">
      <Filter>addons\ofxPDSP\src\math\simd\functions</Filter>
    </ClInclude>
    <ClInclude Include="..\..\..\..\addons\ofxPDSP\src\math\simd\functions\ternaryOp.h">
      <Filter>addons\ofxPDSP\src\math\simd\functions</Filter>
    </ClInclude>
    <ClInclude Include="..\..\..\..\addons\ofxPDSP\src\math\simd\functions\mathfun\mathfun_NEON.h">
      <Filter>addons\ofxPDSP\src\math\simd\functions\mathfun</Filter>
    </ClInclude>
    <ClInclude Include="..\..\..\..\addons\ofxPDSP\src\math\simd\functions\mathfun\mathfun_SSE2.h">
      <Filter>addons\ofxPDSP\src\math\simd\functions\mathfun</Filter>
    </ClInclude>
    <ClInclude Include="..\..\..\..\addons\ofxPDSP\src\math\simd\kernels\inline_logSB.h">
      <Filter>addons\ofxPDSP\src\math\simd\kernels</Filter>
    </ClInclude>
    <ClInclude Include="..\..\..\..\addons\ofxPDSP\src\math\simd\kernels\inline_powSB.h">
      <Filter>addons\ofxPDSP\src\math\simd\kernels</Filter>
    </ClInclude>
    <ClInclude Include="..\..\..\..\addons\ofxPDSP\src\math\simd\kernels\inline_ramp.h">
      <Filter>addons\ofxPDSP\src\math\simd\kernels</Filter>
    </ClInclude>
    <ClInclude Include="..\..\..\..\addons\ofxPDSP\src\math\simd\kernels\kernel_1divB.h">
      <Filter>addons\ofxPDSP\src\math\simd\kernels</Filter>
    </ClInclude>
    <ClInclude Include="..\..\..\..\addons\ofxPDSP\src\math\simd\kernels\kernel_absB.h">
      <Filter>addons\ofxPDSP\src\math\simd\kernels</Filter>
    </ClInclude>
    <ClInclude Include="..\..\..\..\addons\ofxPDSP\src\math\simd\kernels\kernel_B.h">
      <Filter>addons\ofxPDSP\src\math\simd\kernels</Filter>
    </ClInclude>
    <ClInclude Include="..\..\..\..\addons\ofxPDSP\src\math\simd\kernels\kernel_BaddC.h">
      <Filter>addons\ofxPDSP\src\math\simd\kernels</Filter>
    </ClInclude>
    <ClInclude Include="..\..\..\..\addons\ofxPDSP\src\math\simd\kernels\kernel_BaddS.h">
      <Filter>addons\ofxPDSP\src\math\simd\kernels</Filter>
    </ClInclude>
    <ClInclude Include="..\..\..\..\addons\ofxPDSP\src\math\simd\kernels\kernel_Badd_CmulS.h">
      <Filter>addons\ofxPDSP\src\math\simd\kernels</Filter>
    </ClInclude>
    <ClInclude Include="..\..\..\..\addons\ofxPDSP\src\math\simd\kernels\kernel_BdivC.h">
      <Filter>addons\ofxPDSP\src\math\simd\kernels</Filter>
    </ClInclude>
    <ClInclude Include="..\..\..\..\addons\ofxPDSP\src\math\simd\kernels\kernel_BmulC.h">
      <Filter>addons\ofxPDSP\src\math\simd\kernels</Filter>
    </ClInclude>
    <ClInclude Include="..\..\..\..\addons\ofxPDSP\src\math\simd\kernels\kernel_BmulS.h">
      <Filter>addons\ofxPDSP\src\math\simd\kernels</Filter>
    </ClInclude>
    <ClInclude Include="..\..\..\..\addons\ofxPDSP\src\math\simd\kernels\kernel_BsubC.h">
      <Filter>addons\ofxPDSP\src\math\simd\kernels</Filter>
    </ClInclude>
    <ClInclude Include="..\..\..\..\addons\ofxPDSP\src\math\simd\kernels\kernel_BsubS.h">
      <Filter>addons\ofxPDSP\src\math\simd\kernels</Filter>
    </ClInclude>
    <ClInclude Include="..\..\..\..\addons\ofxPDSP\src\math\simd\kernels\kernel_clipB.h">
      <Filter>addons\ofxPDSP\src\math\simd\kernels</Filter>
    </ClInclude>
    <ClInclude Include="..\..\..\..\addons\ofxPDSP\src\math\simd\kernels\kernel_cosB.h">
      <Filter>addons\ofxPDSP\src\math\simd\kernels</Filter>
    </ClInclude>
    <ClInclude Include="..\..\..\..\addons\ofxPDSP\src\math\simd\kernels\kernel_expB.h">
      <Filter>addons\ofxPDSP\src\math\simd\kernels</Filter>
    </ClInclude>
    <ClInclude Include="..\..\..\..\addons\ofxPDSP\src\math\simd\kernels\kernel_floorB.h">
      <Filter>addons\ofxPDSP\src\math\simd\kernels</Filter>
    </ClInclude>
    <ClInclude Include="..\..\..\..\addons\ofxPDSP\src\math\simd\kernels\kernel_logB.h">
      <Filter>addons\ofxPDSP\src\math\simd\kernels</Filter>
    </ClInclude>
    <ClInclude Include="..\..\..\..\addons\ofxPDSP\src\math\simd\kernels\kernel_maxBC.h">
      <Filter>addons\ofxPDSP\src\math\simd\kernels</Filter>
    </ClInclude>
    <ClInclude Include="..\..\..\..\addons\ofxPDSP\src\math\simd\kernels\kernel_maxBS.h">
      <Filter>addons\ofxPDSP\src\math\simd\kernels</Filter>
    </ClInclude>
    <ClInclude Include="..\..\..\..\addons\ofxPDSP\src\math\simd\kernels\kernel_minBC.h">
      <Filter>addons\ofxPDSP\src\math\simd\kernels</Filter>
    </ClInclude>
    <ClInclude Include="..\..\..\..\addons\ofxPDSP\src\math\simd\kernels\kernel_minBS.h">
      <Filter>addons\ofxPDSP\src\math\simd\kernels</Filter>
    </ClInclude>
    <ClInclude Include="..\..\..\..\addons\ofxPDSP\src\math\simd\kernels\kernel_negB.h">
      <Filter>addons\ofxPDSP\src\math\simd\kernels</Filter>
    </ClInclude>
    <ClInclude Include="..\..\..\..\addons\ofxPDSP\src\math\simd\kernels\kernel_S.h">
      <Filter>addons\ofxPDSP\src\math\simd\kernels</Filter>
    </ClInclude>
    <ClInclude Include="..\..\..\..\addons\ofxPDSP\src\math\simd\kernels\kernel_sinB.h">
      <Filter>addons\ofxPDSP\src\math\simd\kernels</Filter>
    </ClInclude>
    <ClInclude Include="..\..\..\..\addons\ofxPDSP\src\math\simd\kernels\kernel_sqrtB.h">
      <Filter>addons\ofxPDSP\src\math\simd\kernels</Filter>
    </ClInclude>
    <ClInclude Include="..\..\..\..\addons\ofxPDSP\src\math\simd\kernels\kernel_SsubB.h">
      <Filter>addons\ofxPDSP\src\math\simd\kernels</Filter>
    </ClInclude>
    <ClInclude Include="..\..\..\..\addons\ofxPDSP\src\math\simd\kernels\kernel_tanB.h">
      <Filter>addons\ofxPDSP\src\math\simd\kernels</Filter>
    </ClInclude>
    <ClInclude Include="..\..\..\..\addons\ofxPDSP\src\math\simd\kernels\kernel_Zero.h">
      <Filter>addons\ofxPDSP\src\math\simd\kernels</Filter>
    </ClInclude>
    <ClInclude Include="..\..\..\..\addons\ofxPDSP\src\math\simd\vectors\vect_ops.h">
      <Filter>addons\ofxPDSP\src\math\simd\vectors</Filter>
    </ClInclude>
    <ClInclude Include="..\..\..\..\addons\ofxPDSP\src\math\simd\vectors\vect_transform.h">
      <Filter>addons\ofxPDSP\src\math\simd\vectors</Filter>
    </ClInclude>
    <ClInclude Include="..\..\..\..\addons\ofxPDSP\src\math\tables\blep.h">
      <Filter>addons\ofxPDSP\src\math\tables</Filter>
    </ClInclude>
    <ClInclude Include="..\..\..\..\addons\ofxPDSP\src\math\tables\dsp_windows.h">
      <Filter>addons\ofxPDSP\src\math\tables</Filter>
    </ClInclude>
    <ClInclude Include="..\..\..\..\addons\ofxPDSP\src\math\trig\fastcos.h">
      <Filter>addons\ofxPDSP\src\math\trig</Filter>
    </ClInclude>
    <ClInclude Include="..\..\..\..\addons\ofxPDSP\src\math\trig\fastsin.h">
      <Filter>addons\ofxPDSP\src\math\trig</Filter>
    </ClInclude>
    <ClInclude Include="..\..\..\..\addons\ofxPDSP\src\math\trig\fasttan.h">
      <Filter>addons\ofxPDSP\src\math\trig</Filter>
    </ClInclude>
    <ClInclude Include="..\..\..\..\addons\ofxPDSP\src\math\trig\fasttanh.h">
      <Filter>addons\ofxPDSP\src\math\trig</Filter>
    </ClInclude>
    <ClInclude Include="..\..\..\..\addons\ofxPDSP\src\messages\Clockable.h">
      <Filter>addons\ofxPDSP\src\messages</Filter>
    </ClInclude>
    <ClInclude Include="..\..\..\..\addons\ofxPDSP\src\messages\ExtSequencer.h">
      <Filter>addons\ofxPDSP\src\messages</Filter>
    </ClInclude>
    <ClInclude Include="..\..\..\..\addons\ofxPDSP\src\messages\header.h">
      <Filter>addons\ofxPDSP\src\messages</Filter>
    </ClInclude>
    <ClInclude Include="..\..\..\..\addons\ofxPDSP\src\messages\Message.h">
      <Filter>addons\ofxPDSP\src\messages</Filter>
    </ClInclude>
    <ClInclude Include="..\..\..\..\addons\ofxPDSP\src\messages\MessageBuffer.h">
      <Filter>addons\ofxPDSP\src\messages</Filter>
    </ClInclude>
    <ClInclude Include="..\..\..\..\addons\ofxPDSP\src\modules\header.h">
      <Filter>addons\ofxPDSP\src\modules</Filter>
    </ClInclude>
    <ClInclude Include="..\..\..\..\addons\ofxPDSP\src\modules\dynamics\Compressor.h">
      <Filter>addons\ofxPDSP\src\modules\dynamics</Filter>
    </ClInclude>
    <ClInclude Include="..\..\..\..\addons\ofxPDSP\src\modules\dynamics\Ducker.h">
      <Filter>addons\ofxPDSP\src\modules\dynamics</Filter>
    </ClInclude>
    <ClInclude Include="..\..\..\..\addons\ofxPDSP\src\modules\effects\DimensionChorus.h">
      <Filter>addons\ofxPDSP\src\modules\effects</Filter>
    </ClInclude>
    <ClInclude Include="..\..\..\..\addons\ofxPDSP\src\modules\equalizers\AAHighShelfEQ.h">
      <Filter>addons\ofxPDSP\src\modules\equalizers</Filter>
    </ClInclude>
    <ClInclude Include="..\..\..\..\addons\ofxPDSP\src\modules\equalizers\AALowShelfEQ.h">
      <Filter>addons\ofxPDSP\src\modules\equalizers</Filter>
    </ClInclude>
    <ClInclude Include="..\..\..\..\addons\ofxPDSP\src\modules\equalizers\AAPeakEQ.h">
      <Filter>addons\ofxPDSP\src\modules\equalizers</Filter>
    </ClInclude>
    <ClInclude Include="..\..\..\..\addons\ofxPDSP\src\modules\equalizers\HighCut.h">
      <Filter>addons\ofxPDSP\src\modules\equalizers</Filter>
    </ClInclude>
    <ClInclude Include="..\..\..\..\addons\ofxPDSP\src\modules\equalizers\HighShelfEQ.h">
      <Filter>addons\ofxPDSP\src\modules\equalizers</Filter>
    </ClInclude>
    <ClInclude Include="..\..\..\..\addons\ofxPDSP\src\modules\equalizers\LowCut.h">
      <Filter>addons\ofxPDSP\src\modules\equalizers</Filter>
    </ClInclude>
    <ClInclude Include="..\..\..\..\addons\ofxPDSP\src\modules\equalizers\LowShelfEQ.h">
      <Filter>addons\ofxPDSP\src\modules\equalizers</Filter>
    </ClInclude>
    <ClInclude Include="..\..\..\..\addons\ofxPDSP\src\modules\equalizers\PeakEQ.h">
      <Filter>addons\ofxPDSP\src\modules\equalizers</Filter>
    </ClInclude>
    <ClInclude Include="..\..\..\..\addons\ofxPDSP\src\modules\filters\CombFilter.h">
      <Filter>addons\ofxPDSP\src\modules\filters</Filter>
    </ClInclude>
    <ClInclude Include="..\..\..\..\addons\ofxPDSP\src\modules\filters\PhaserFilter.h">
      <Filter>addons\ofxPDSP\src\modules\filters</Filter>
    </ClInclude>
    <ClInclude Include="..\..\..\..\addons\ofxPDSP\src\modules\filters\SVFilter.h">
      <Filter>addons\ofxPDSP\src\modules\filters</Filter>
    </ClInclude>
    <ClInclude Include="..\..\..\..\addons\ofxPDSP\src\modules\filters\VAFilter.h">
      <Filter>addons\ofxPDSP\src\modules\filters</Filter>
    </ClInclude>
    <ClInclude Include="..\..\..\..\addons\ofxPDSP\src\modules\oscillators\ClockedLFO.h">
      <Filter>addons\ofxPDSP\src\modules\oscillators</Filter>
    </ClInclude>
    <ClInclude Include="..\..\..\..\addons\ofxPDSP\src\modules\oscillators\DataOscillator.h">
      <Filter>addons\ofxPDSP\src\modules\oscillators</Filter>
    </ClInclude>
    <ClInclude Include="..\..\..\..\addons\ofxPDSP\src\modules\oscillators\FMOperator.h">
      <Filter>addons\ofxPDSP\src\modules\oscillators</Filter>
    </ClInclude>
    <ClInclude Include="..\..\..\..\addons\ofxPDSP\src\modules\oscillators\LFO.h">
      <Filter>addons\ofxPDSP\src\modules\oscillators</Filter>
    </ClInclude>
    <ClInclude Include="..\..\..\..\addons\ofxPDSP\src\modules\oscillators\TableOscillator.h">
      <Filter>addons\ofxPDSP\src\modules\oscillators</Filter>
    </ClInclude>
    <ClInclude Include="..\..\..\..\addons\ofxPDSP\src\modules\oscillators\VAOscillator.h">
      <Filter>addons\ofxPDSP\src\modules\oscillators</Filter>
    </ClInclude>
    <ClInclude Include="..\..\..\..\addons\ofxPDSP\src\modules\reverbs\BasiVerb.h">
      <Filter>addons\ofxPDSP\src\modules\reverbs</Filter>
    </ClInclude>
    <ClInclude Include="..\..\..\..\addons\ofxPDSP\src\modules\reverbs\IRVerb.h">
      <Filter>addons\ofxPDSP\src\modules\reverbs</Filter>
    </ClInclude>
    <ClInclude Include="..\..\..\..\addons\ofxPDSP\src\modules\samplers\GrainCloud.h">
      <Filter>addons\ofxPDSP\src\modules\samplers</Filter>
    </ClInclude>
    <ClInclude Include="..\..\..\..\addons\ofxPDSP\src\modules\samplers\TriggeredGrain.h">
      <Filter>addons\ofxPDSP\src\modules\samplers</Filter>
    </ClInclude>
    <ClInclude Include="..\..\..\..\addons\ofxPDSP\src\modules\signal\LinearCrossfader.h">
      <Filter>addons\ofxPDSP\src\modules\signal</Filter>
    </ClInclude>
    <ClInclude Include="..\..\..\..\addons\ofxPDSP\src\modules\signal\Panner.h">
      <Filter>addons\ofxPDSP\src\modules\signal</Filter>
    </ClInclude>
    <ClInclude Include="..\..\..\..\addons\ofxPDSP\src\modules\sources\BitNoise.h">
      <Filter>addons\ofxPDSP\src\modules\sources</Filter>
    </ClInclude>
    <ClInclude Include="..\..\..\..\addons\ofxPDSP\src\ofx\ComputerKeyboard.h">
      <Filter>addons\ofxPDSP\src\ofx</Filter>
    </ClInclude>
    <ClInclude Include="..\..\..\..\addons\ofxPDSP\src\ofx\Engine.h">
      <Filter>addons\ofxPDSP\src\ofx</Filter>
    </ClInclude>
    <ClInclude Include="..\..\..\..\addons\ofxPDSP\src\ofx\Midi.h">
      <Filter>addons\ofxPDSP\src\ofx</Filter>
    </ClInclude>
    <ClInclude Include="..\..\..\..\addons\ofxPDSP\src\ofx\MidiControls.h">
      <Filter>addons\ofxPDSP\src\ofx</Filter>
    </ClInclude>
    <ClInclude Include="..\..\..\..\addons\ofxPDSP\src\ofx\MidiIn.h">
      <Filter>addons\ofxPDSP\src\ofx</Filter>
    </ClInclude>
    <ClInclude Include="..\..\..\..\addons\ofxPDSP\src\ofx\MidiKeys.h">
      <Filter>addons\ofxPDSP\src\ofx</Filter>
    </ClInclude>
    <ClInclude Include="..\..\..\..\addons\ofxPDSP\src\ofx\MidiOut.h">
      <Filter>addons\ofxPDSP\src\ofx</Filter>
    </ClInclude>
    <ClInclude Include="..\..\..\..\addons\ofxPDSP\src\ofx\MidiPads.h">
      <Filter>addons\ofxPDSP\src\ofx</Filter>
    </ClInclude>
    <ClInclude Include="..\..\..\..\addons\ofxPDSP\src\ofx\ofxPDSPFunctions.h">
      <Filter>addons\ofxPDSP\src\ofx</Filter>
    </ClInclude>
    <ClInclude Include="..\..\..\..\addons\ofxPDSP\src\ofx\OscInput.h">
      <Filter>addons\ofxPDSP\src\ofx</Filter>
    </ClInclude>
    <ClInclude Include="..\..\..\..\addons\ofxPDSP\src\ofx\OscOutput.h">
      <Filter>addons\ofxPDSP\src\ofx</Filter>
    </ClInclude>
    <ClInclude Include="..\..\..\..\addons\ofxPDSP\src\ofx\Parameter.h">
      <Filter>addons\ofxPDSP\src\ofx</Filter>
    </ClInclude>
    <ClInclude Include="..\..\..\..\addons\ofxPDSP\src\ofx\ParameterAmp.h">
      <Filter>addons\ofxPDSP\src\ofx</Filter>
    </ClInclude>
    <ClInclude Include="..\..\..\..\addons\ofxPDSP\src\ofx\ParameterGain.h">
      <Filter>addons\ofxPDSP\src\ofx</Filter>
    </ClInclude>
    <ClInclude Include="..\..\..\..\addons\ofxPDSP\src\ofx\SampleBufferPlotter.h">
      <Filter>addons\ofxPDSP\src\ofx</Filter>
    </ClInclude>
    <ClInclude Include="..\..\..\..\addons\ofxPDSP\src\ofx\Scope.h">
      <Filter>addons\ofxPDSP\src\ofx</Filter>
    </ClInclude>
    <ClInclude Include="..\..\..\..\addons\ofxPDSP\src\ofx\SerialOut.h">
      <Filter>addons\ofxPDSP\src\ofx</Filter>
    </ClInclude>
    <ClInclude Include="..\..\..\..\addons\ofxPDSP\src\ofx\Wrapper.h">
      <Filter>addons\ofxPDSP\src\ofx</Filter>
    </ClInclude>
    <ClInclude Include="..\..\..\..\addons\ofxPDSP\src\ofx\helper\Controller.h">
      <Filter>addons\ofxPDSP\src\ofx\helper</Filter>
    </ClInclude>
    <ClInclude Include="..\..\..\..\addons\ofxPDSP\src\ofx\helper\EngineGraphics.h">
      <Filter>addons\ofxPDSP\src\ofx\helper</Filter>
    </ClInclude>
    <ClInclude Include="..\..\..\..\addons\ofxPDSP\src\ofx\helper\MidiCCBuffers.h">
      <Filter>addons\ofxPDSP\src\ofx\helper</Filter>
    </ClInclude>
    <ClInclude Include="..\..\..\..\addons\ofxPDSP\src\ofx\helper\MidiKeysBuffers.h">
      <Filter>addons\ofxPDSP\src\ofx\helper</Filter>
    </ClInclude>
    <ClInclude Include="..\..\..\..\addons\ofxPDSP\src\ofx\helper\PositionedMidiMessage.h">
      <Filter>addons\ofxPDSP\src\ofx\helper</Filter>
    </ClInclude>
    <ClInclude Include="..\..\..\..\addons\ofxPDSP\src\ofx\helper\SequencerSectionPlotter.h">
      <Filter>addons\ofxPDSP\src\ofx\helper</Filter>
    </ClInclude>
    <ClInclude Include="..\..\..\..\addons\ofxPDSP\src\sequencer\header.h">
      <Filter>addons\ofxPDSP\src\sequencer</Filter>
    </ClInclude>
    <ClInclude Include="..\..\..\..\addons\ofxPDSP\src\sequencer\Sequence.h">
      <Filter>addons\ofxPDSP\src\sequencer</Filter>
    </ClInclude>
    <ClInclude Include="..\..\..\..\addons\ofxPDSP\src\sequencer\SequencerMessage.h">
      <Filter>addons\ofxPDSP\src\sequencer</Filter>
    </ClInclude>
    <ClInclude Include="..\..\..\..\addons\ofxPDSP\src\sequencer\SequencerProcessor.h">
      <Filter>addons\ofxPDSP\src\sequencer</Filter>
    </ClInclude>
    <ClInclude Include="..\..\..\..\addons\ofxPDSP\src\sequencer\SequencerSection.h">
      <Filter>addons\ofxPDSP\src\sequencer</Filter>
    </ClInclude>
    <ClInclude Include="..\..\..\..\addons\ofxPDSP\src\sequencer\stockBehaviors.h">
      <Filter>addons\ofxPDSP\src\sequencer</Filter>
    </ClInclude>
    <ClInclude Include="..\..\..\..\addons\ofxPDSP\libs\audiofft\AudioFFT.h">
      <Filter>addons\ofxPDSP\libs\audiofft</Filter>
    </ClInclude>
    <ClInclude Include="..\..\..\..\addons\ofxSIMDFloats\src\functions.h">
      <Filter>addons\ofxSIMDFloats\src</Filter>
    </ClInclude>
    <ClInclude Include="..\..\..\..\addons\ofxSIMDFloats\src\ofxSIMDFloats.h">
      <Filter>addons\ofxSIMDFloats\src</Filter>
    </ClInclude>
    <ClInclude Include="..\..\..\..\addons\ofxSIMDFloats\src\core\activate.h">
      <Filter>addons\ofxSIMDFloats\src\core</Filter>
    </ClInclude>
    <ClInclude Include="..\..\..\..\addons\ofxSIMDFloats\src\core\allocator.h">
      <Filter>addons\ofxSIMDFloats\src\core</Filter>
    </ClInclude>
    <ClInclude Include="..\..\..\..\addons\ofxSIMDFloats\src\core\flags.h">
      <Filter>addons\ofxSIMDFloats\src\core</Filter>
    </ClInclude>
    <ClInclude Include="..\..\..\..\addons\ofxSIMDFloats\src\core\inlines.h">
      <Filter>addons\ofxSIMDFloats\src\core</Filter>
    </ClInclude>
    <ClInclude Include="..\..\..\..\addons\ofxSIMDFloats\src\functions\floor.h">
      <Filter>addons\ofxSIMDFloats\src\functions</Filter>
    </ClInclude>
    <ClInclude Include="..\..\..\..\addons\ofxSIMDFloats\src\functions\mathfun.h">
      <Filter>addons\ofxSIMDFloats\src\functions</Filter>
    </ClInclude>
    <ClInclude Include="..\..\..\..\addons\ofxSIMDFloats\src\functions\simd_wrapper.h">
      <Filter>addons\ofxSIMDFloats\src\functions</Filter>
    </ClInclude>
    <ClInclude Include="..\..\..\..\addons\ofxSIMDFloats\src\functions\ternaryOp.h">
      <Filter>addons\ofxSIMDFloats\src\functions</Filter>
    </ClInclude>
    <ClInclude Include="..\..\..\..\addons\ofxSIMDFloats\src\functions\mathfun\mathfun_NEON.h">
      <Filter>addons\ofxSIMDFloats\src\functions\mathfun</Filter>
    </ClInclude>
    <ClInclude Include="..\..\..\..\addons\ofxSIMDFloats\src\functions\mathfun\mathfun_SSE2.h">
      <Filter>addons\ofxSIMDFloats\src\functions\mathfun</Filter>
    </ClInclude>
    <ClInclude Include="..\..\..\..\addons\ofxSIMDFloats\src\kernels\inline_logSB.h">
      <Filter>addons\ofxSIMDFloats\src\kernels</Filter>
    </ClInclude>
    <ClInclude Include="..\..\..\..\addons\ofxSIMDFloats\src\kernels\inline_powSB.h">
      <Filter>addons\ofxSIMDFloats\src\kernels</Filter>
    </ClInclude>
    <ClInclude Include="..\..\..\..\addons\ofxSIMDFloats\src\kernels\inline_ramp.h">
      <Filter>addons\ofxSIMDFloats\src\kernels</Filter>
    </ClInclude>
    <ClInclude Include="..\..\..\..\addons\ofxSIMDFloats\src\kernels\kernel_1divB.h">
      <Filter>addons\ofxSIMDFloats\src\kernels</Filter>
    </ClInclude>
    <ClInclude Include="..\..\..\..\addons\ofxSIMDFloats\src\kernels\kernel_absB.h">
      <Filter>addons\ofxSIMDFloats\src\kernels</Filter>
    </ClInclude>
    <ClInclude Include="..\..\..\..\addons\ofxSIMDFloats\src\kernels\kernel_B.h">
      <Filter>addons\ofxSIMDFloats\src\kernels</Filter>
    </ClInclude>
    <ClInclude Include="..\..\..\..\addons\ofxSIMDFloats\src\kernels\kernel_BaddC.h">
      <Filter>addons\ofxSIMDFloats\src\kernels</Filter>
    </ClInclude>
    <ClInclude Include="..\..\..\..\addons\ofxSIMDFloats\src\kernels\kernel_BaddS.h">
      <Filter>addons\ofxSIMDFloats\src\kernels</Filter>
    </ClInclude>
    <ClInclude Include="..\..\..\..\addons\ofxSIMDFloats\src\kernels\kernel_Badd_CmulS.h">
      <Filter>addons\ofxSIMDFloats\src\kernels</Filter>
    </ClInclude>
    <ClInclude Include="..\..\..\..\addons\ofxSIMDFloats\src\kernels\kernel_BdivC.h">
      <Filter>addons\ofxSIMDFloats\src\kernels</Filter>
    </ClInclude>
    <ClInclude Include="..\..\..\..\addons\ofxSIMDFloats\src\kernels\kernel_BmulC.h">
      <Filter>addons\ofxSIMDFloats\src\kernels</Filter>
    </ClInclude>
    <ClInclude Include="..\..\..\..\addons\ofxSIMDFloats\src\kernels\kernel_BmulS.h">
      <Filter>addons\ofxSIMDFloats\src\kernels</Filter>
    </ClInclude>
    <ClInclude Include="..\..\..\..\addons\ofxSIMDFloats\src\kernels\kernel_BsubC.h">
      <Filter>addons\ofxSIMDFloats\src\kernels</Filter>
    </ClInclude>
    <ClInclude Include="..\..\..\..\addons\ofxSIMDFloats\src\kernels\kernel_BsubS.h">
      <Filter>addons\ofxSIMDFloats\src\kernels</Filter>
    </ClInclude>
    <ClInclude Include="..\..\..\..\addons\ofxSIMDFloats\src\kernels\kernel_clipB.h">
      <Filter>addons\ofxSIMDFloats\src\kernels</Filter>
    </ClInclude>
    <ClInclude Include="..\..\..\..\addons\ofxSIMDFloats\src\kernels\kernel_cosB.h">
      <Filter>addons\ofxSIMDFloats\src\kernels</Filter>
    </ClInclude>
    <ClInclude Include="..\..\..\..\addons\ofxSIMDFloats\src\kernels\kernel_expB.h">
      <Filter>addons\ofxSIMDFloats\src\kernels</Filter>
    </ClInclude>
    <ClInclude Include="..\..\..\..\addons\ofxSIMDFloats\src\kernels\kernel_floorB.h">
      <Filter>addons\ofxSIMDFloats\src\kernels</Filter>
    </ClInclude>
    <ClInclude Include="..\..\..\..\addons\ofxSIMDFloats\src\kernels\kernel_logB.h">
      <Filter>addons\ofxSIMDFloats\src\kernels</Filter>
    </ClInclude>
    <ClInclude Include="..\..\..\..\addons\ofxSIMDFloats\src\kernels\kernel_maxBC.h">
      <Filter>addons\ofxSIMDFloats\src\kernels</Filter>
    </ClInclude>
    <ClInclude Include="..\..\..\..\addons\ofxSIMDFloats\src\kernels\kernel_maxBS.h">
      <Filter>addons\ofxSIMDFloats\src\kernels</Filter>
    </ClInclude>
    <ClInclude Include="..\..\..\..\addons\ofxSIMDFloats\src\kernels\kernel_minBC.h">
      <Filter>addons\ofxSIMDFloats\src\kernels</Filter>
    </ClInclude>
    <ClInclude Include="..\..\..\..\addons\ofxSIMDFloats\src\kernels\kernel_minBS.h">
      <Filter>addons\ofxSIMDFloats\src\kernels</Filter>
    </ClInclude>
    <ClInclude Include="..\..\..\..\addons\ofxSIMDFloats\src\kernels\kernel_negB.h">
      <Filter>addons\ofxSIMDFloats\src\kernels</Filter>
    </ClInclude>
    <ClInclude Include="..\..\..\..\addons\ofxSIMDFloats\src\kernels\kernel_S.h">
      <Filter>addons\ofxSIMDFloats\src\kernels</Filter>
    </ClInclude>
    <ClInclude Include="..\..\..\..\addons\ofxSIMDFloats\src\kernels\kernel_sinB.h">
      <Filter>addons\ofxSIMDFloats\src\kernels</Filter>
    </ClInclude>
    <ClInclude Include="..\..\..\..\addons\ofxSIMDFloats\src\kernels\kernel_sqrtB.h">
      <Filter>addons\ofxSIMDFloats\src\kernels</Filter>
    </ClInclude>
    <ClInclude Include="..\..\..\..\addons\ofxSIMDFloats\src\kernels\kernel_SsubB.h">
      <Filter>addons\ofxSIMDFloats\src\kernels</Filter>
    </ClInclude>
    <ClInclude Include="..\..\..\..\addons\ofxSIMDFloats\src\kernels\kernel_tanB.h">
      <Filter>addons\ofxSIMDFloats\src\kernels</Filter>
    </ClInclude>
    <ClInclude Include="..\..\..\..\addons\ofxSIMDFloats\src\kernels\kernel_Zero.h">
      <Filter>addons\ofxSIMDFloats\src\kernels</Filter>
    </ClInclude>
    <ClInclude Include="..\..\..\..\addons\ofxSIMDFloats\src\vectors\vect_ops.h">
      <Filter>addons\ofxSIMDFloats\src\vectors</Filter>
    </ClInclude>
    <ClInclude Include="..\..\..\..\addons\ofxSIMDFloats\src\vectors\vect_transform.h">
      <Filter>addons\ofxSIMDFloats\src\vectors</Filter>
    </ClInclude>
    <ClInclude Include="..\..\..\..\addons\ofxAudioFile\src\ofxAudioFile.h">
      <Filter>addons\ofxAudioFile\src</Filter>
    </ClInclude>
    <ClInclude Include="..\..\..\..\addons\ofxAudioFile\libs\dr_flac.h">
      <Filter>addons\ofxAudioFile\libs</Filter>
    </ClInclude>
    <ClInclude Include="..\..\..\..\addons\ofxAudioFile\libs\dr_mp3.h">
      <Filter>addons\ofxAudioFile\libs</Filter>
    </ClInclude>
    <ClInclude Include="..\..\..\..\addons\ofxAudioFile\libs\dr_wav.h">
      <Filter>addons\ofxAudioFile\libs</Filter>
    </ClInclude>
    <ClInclude Include="..\..\..\..\addons\ofxAudioFile\libs\stb_vorbis.h">
      <Filter>addons\ofxAudioFile\libs</Filter>
    </ClInclude>
  </ItemGroup>
  <ItemGroup>
    <ResourceCompile Include="icon.rc" />
  </ItemGroup>
</Project>